
Microsoft Visual Studio Solution File, Format Version 10.00
# Visual Studio 2008
Project("{FAE04EC0-301F-11D3-BF4B-00C04F79EFBC}") = "Terminals", "Terminals\Terminals.csproj", "{9ECB9FEF-89D1-4144-BAD4-5F3218545B2B}"
EndProject
Project("{FAE04EC0-301F-11D3-BF4B-00C04F79EFBC}") = "TabControl", "TabControl\TabControl.csproj", "{3D54DB4B-DC8A-44AA-8EE0-4EDF58CE1331}"
EndProject
Project("{FAE04EC0-301F-11D3-BF4B-00C04F79EFBC}") = "TerminalControl", "TerminalControl\TerminalControl.csproj", "{3545E021-A75E-4558-8EA3-234DF99FB49A}"
EndProject
Project("{FAE04EC0-301F-11D3-BF4B-00C04F79EFBC}") = "Metro", "Metro\Metro.csproj", "{4F3A4024-5A19-4F08-823A-B75D6AFE5CD8}"
EndProject
Project("{FAE04EC0-301F-11D3-BF4B-00C04F79EFBC}") = "TerminalsUpdater", "TerminalsUpdater\TerminalsUpdater.csproj", "{1809300B-6C6C-46B2-AF2F-29006FF2A30F}"
EndProject
Project("{FAE04EC0-301F-11D3-BF4B-00C04F79EFBC}") = "VncSharp", "VncSharp\VncSharp.csproj", "{E0DED53A-C3E1-441D-9AD2-766E49EAD417}"
EndProject
Project("{FAE04EC0-301F-11D3-BF4B-00C04F79EFBC}") = "HexEditor", "HexEditor\HexEditor.csproj", "{405E4F74-CE98-4BDC-8B78-F3293F4F7BBF}"
EndProject
Project("{FAE04EC0-301F-11D3-BF4B-00C04F79EFBC}") = "SharpPcap", "SharpPcap\SharpPcap.csproj", "{A1B25B92-DE01-4DD6-8D44-72B9A1772D3E}"
EndProject
Project("{FAE04EC0-301F-11D3-BF4B-00C04F79EFBC}") = "Affirma.ThreeSharp", "Affirma.ThreeSharp\Affirma.ThreeSharp.csproj", "{1A12C68D-7C3B-46A6-8406-10ADCFA51B7A}"
EndProject
Project("{FAE04EC0-301F-11D3-BF4B-00C04F79EFBC}") = "Affirma.ThreeSharp.Wrapper", "Affirma.ThreeSharp.Wrapper\Affirma.ThreeSharp.Wrapper.csproj", "{FD252676-D01F-453A-8DC1-4AC39DF7D22A}"
EndProject
Global
	GlobalSection(TeamFoundationVersionControl) = preSolution
		SccNumberOfProjects = 11
		SccEnterpriseProvider = {4CA58AB2-18FA-4F8D-95D4-32DDF27D184C}
		SccTeamFoundationServer = https://tfs01.codeplex.com/
		SccLocalPath0 = .
		SccProjectUniqueName1 = Terminals\\Terminals.csproj
		SccProjectName1 = Terminals
		SccLocalPath1 = Terminals
		SccProjectUniqueName2 = TabControl\\TabControl.csproj
		SccProjectName2 = TabControl
		SccLocalPath2 = TabControl
		SccProjectUniqueName3 = TerminalControl\\TerminalControl.csproj
		SccProjectName3 = TerminalControl
		SccLocalPath3 = TerminalControl
		SccProjectUniqueName4 = Metro\\Metro.csproj
		SccProjectName4 = Metro
		SccLocalPath4 = Metro
		SccProjectUniqueName5 = TerminalsUpdater\\TerminalsUpdater.csproj
		SccProjectName5 = TerminalsUpdater
		SccLocalPath5 = TerminalsUpdater
		SccProjectUniqueName6 = VncSharp\\VncSharp.csproj
		SccProjectName6 = VncSharp
		SccLocalPath6 = VncSharp
		SccProjectUniqueName7 = HexEditor\\HexEditor.csproj
		SccProjectName7 = HexEditor
		SccLocalPath7 = HexEditor
		SccProjectUniqueName8 = SharpPcap\\SharpPcap.csproj
		SccProjectName8 = SharpPcap
		SccLocalPath8 = SharpPcap
		SccProjectUniqueName9 = Affirma.ThreeSharp\\Affirma.ThreeSharp.csproj
		SccProjectName9 = Affirma.ThreeSharp
		SccLocalPath9 = Affirma.ThreeSharp
		SccProjectUniqueName10 = Affirma.ThreeSharp.Wrapper\\Affirma.ThreeSharp.Wrapper.csproj
		SccProjectName10 = Affirma.ThreeSharp.Wrapper
		SccLocalPath10 = Affirma.ThreeSharp.Wrapper
	EndGlobalSection
	GlobalSection(SolutionConfigurationPlatforms) = preSolution
		Debug|Any CPU = Debug|Any CPU
		Debug|x86 = Debug|x86
		Release|Any CPU = Release|Any CPU
		Release|x86 = Release|x86
		StrongMagic|Any CPU = StrongMagic|Any CPU
		StrongMagic|x86 = StrongMagic|x86
	EndGlobalSection
	GlobalSection(ProjectConfigurationPlatforms) = postSolution
		{9ECB9FEF-89D1-4144-BAD4-5F3218545B2B}.Debug|Any CPU.ActiveCfg = Debug|Any CPU
		{9ECB9FEF-89D1-4144-BAD4-5F3218545B2B}.Debug|Any CPU.Build.0 = Debug|Any CPU
		{9ECB9FEF-89D1-4144-BAD4-5F3218545B2B}.Debug|x86.ActiveCfg = Debug|x86
		{9ECB9FEF-89D1-4144-BAD4-5F3218545B2B}.Debug|x86.Build.0 = Debug|x86
		{9ECB9FEF-89D1-4144-BAD4-5F3218545B2B}.Release|Any CPU.ActiveCfg = Release|Any CPU
		{9ECB9FEF-89D1-4144-BAD4-5F3218545B2B}.Release|Any CPU.Build.0 = Release|Any CPU
		{9ECB9FEF-89D1-4144-BAD4-5F3218545B2B}.Release|x86.ActiveCfg = Release|x86
		{9ECB9FEF-89D1-4144-BAD4-5F3218545B2B}.Release|x86.Build.0 = Release|x86
		{9ECB9FEF-89D1-4144-BAD4-5F3218545B2B}.StrongMagic|Any CPU.ActiveCfg = Release|Any CPU
		{9ECB9FEF-89D1-4144-BAD4-5F3218545B2B}.StrongMagic|Any CPU.Build.0 = Release|Any CPU
		{9ECB9FEF-89D1-4144-BAD4-5F3218545B2B}.StrongMagic|x86.ActiveCfg = Release|x86
		{9ECB9FEF-89D1-4144-BAD4-5F3218545B2B}.StrongMagic|x86.Build.0 = Release|x86
		{3D54DB4B-DC8A-44AA-8EE0-4EDF58CE1331}.Debug|Any CPU.ActiveCfg = Debug|Any CPU
		{3D54DB4B-DC8A-44AA-8EE0-4EDF58CE1331}.Debug|Any CPU.Build.0 = Debug|Any CPU
		{3D54DB4B-DC8A-44AA-8EE0-4EDF58CE1331}.Debug|x86.ActiveCfg = Debug|x86
		{3D54DB4B-DC8A-44AA-8EE0-4EDF58CE1331}.Debug|x86.Build.0 = Debug|x86
		{3D54DB4B-DC8A-44AA-8EE0-4EDF58CE1331}.Release|Any CPU.ActiveCfg = Release|Any CPU
		{3D54DB4B-DC8A-44AA-8EE0-4EDF58CE1331}.Release|Any CPU.Build.0 = Release|Any CPU
		{3D54DB4B-DC8A-44AA-8EE0-4EDF58CE1331}.Release|x86.ActiveCfg = Release|x86
		{3D54DB4B-DC8A-44AA-8EE0-4EDF58CE1331}.Release|x86.Build.0 = Release|x86
		{3D54DB4B-DC8A-44AA-8EE0-4EDF58CE1331}.StrongMagic|Any CPU.ActiveCfg = Release|Any CPU
		{3D54DB4B-DC8A-44AA-8EE0-4EDF58CE1331}.StrongMagic|Any CPU.Build.0 = Release|Any CPU
		{3D54DB4B-DC8A-44AA-8EE0-4EDF58CE1331}.StrongMagic|x86.ActiveCfg = Release|x86
		{3D54DB4B-DC8A-44AA-8EE0-4EDF58CE1331}.StrongMagic|x86.Build.0 = Release|x86
		{3545E021-A75E-4558-8EA3-234DF99FB49A}.Debug|Any CPU.ActiveCfg = Debug|Any CPU
		{3545E021-A75E-4558-8EA3-234DF99FB49A}.Debug|Any CPU.Build.0 = Debug|Any CPU
		{3545E021-A75E-4558-8EA3-234DF99FB49A}.Debug|x86.ActiveCfg = Debug|x86
		{3545E021-A75E-4558-8EA3-234DF99FB49A}.Debug|x86.Build.0 = Debug|x86
		{3545E021-A75E-4558-8EA3-234DF99FB49A}.Release|Any CPU.ActiveCfg = Release|Any CPU
		{3545E021-A75E-4558-8EA3-234DF99FB49A}.Release|Any CPU.Build.0 = Release|Any CPU
		{3545E021-A75E-4558-8EA3-234DF99FB49A}.Release|x86.ActiveCfg = Release|x86
		{3545E021-A75E-4558-8EA3-234DF99FB49A}.Release|x86.Build.0 = Release|x86
		{3545E021-A75E-4558-8EA3-234DF99FB49A}.StrongMagic|Any CPU.ActiveCfg = Release|Any CPU
		{3545E021-A75E-4558-8EA3-234DF99FB49A}.StrongMagic|Any CPU.Build.0 = Release|Any CPU
		{3545E021-A75E-4558-8EA3-234DF99FB49A}.StrongMagic|x86.ActiveCfg = Release|x86
		{3545E021-A75E-4558-8EA3-234DF99FB49A}.StrongMagic|x86.Build.0 = Release|x86
		{4F3A4024-5A19-4F08-823A-B75D6AFE5CD8}.Debug|Any CPU.ActiveCfg = Debug|Any CPU
		{4F3A4024-5A19-4F08-823A-B75D6AFE5CD8}.Debug|Any CPU.Build.0 = Debug|Any CPU
		{4F3A4024-5A19-4F08-823A-B75D6AFE5CD8}.Debug|x86.ActiveCfg = Debug|x86
		{4F3A4024-5A19-4F08-823A-B75D6AFE5CD8}.Debug|x86.Build.0 = Debug|x86
		{4F3A4024-5A19-4F08-823A-B75D6AFE5CD8}.Release|Any CPU.ActiveCfg = Release|Any CPU
		{4F3A4024-5A19-4F08-823A-B75D6AFE5CD8}.Release|Any CPU.Build.0 = Release|Any CPU
		{4F3A4024-5A19-4F08-823A-B75D6AFE5CD8}.Release|x86.ActiveCfg = Release|x86
		{4F3A4024-5A19-4F08-823A-B75D6AFE5CD8}.Release|x86.Build.0 = Release|x86
		{4F3A4024-5A19-4F08-823A-B75D6AFE5CD8}.StrongMagic|Any CPU.ActiveCfg = Release|Any CPU
		{4F3A4024-5A19-4F08-823A-B75D6AFE5CD8}.StrongMagic|Any CPU.Build.0 = Release|Any CPU
		{4F3A4024-5A19-4F08-823A-B75D6AFE5CD8}.StrongMagic|x86.ActiveCfg = Release|x86
		{4F3A4024-5A19-4F08-823A-B75D6AFE5CD8}.StrongMagic|x86.Build.0 = Release|x86
		{1809300B-6C6C-46B2-AF2F-29006FF2A30F}.Debug|Any CPU.ActiveCfg = Debug|Any CPU
		{1809300B-6C6C-46B2-AF2F-29006FF2A30F}.Debug|Any CPU.Build.0 = Debug|Any CPU
		{1809300B-6C6C-46B2-AF2F-29006FF2A30F}.Debug|x86.ActiveCfg = Debug|x86
		{1809300B-6C6C-46B2-AF2F-29006FF2A30F}.Debug|x86.Build.0 = Debug|x86
		{1809300B-6C6C-46B2-AF2F-29006FF2A30F}.Release|Any CPU.ActiveCfg = Release|Any CPU
		{1809300B-6C6C-46B2-AF2F-29006FF2A30F}.Release|Any CPU.Build.0 = Release|Any CPU
		{1809300B-6C6C-46B2-AF2F-29006FF2A30F}.Release|x86.ActiveCfg = Release|x86
		{1809300B-6C6C-46B2-AF2F-29006FF2A30F}.Release|x86.Build.0 = Release|x86
		{1809300B-6C6C-46B2-AF2F-29006FF2A30F}.StrongMagic|Any CPU.ActiveCfg = Release|Any CPU
		{1809300B-6C6C-46B2-AF2F-29006FF2A30F}.StrongMagic|Any CPU.Build.0 = Release|Any CPU
		{1809300B-6C6C-46B2-AF2F-29006FF2A30F}.StrongMagic|x86.ActiveCfg = Release|x86
		{1809300B-6C6C-46B2-AF2F-29006FF2A30F}.StrongMagic|x86.Build.0 = Release|x86
		{E0DED53A-C3E1-441D-9AD2-766E49EAD417}.Debug|Any CPU.ActiveCfg = Debug|Any CPU
		{E0DED53A-C3E1-441D-9AD2-766E49EAD417}.Debug|Any CPU.Build.0 = Debug|Any CPU
		{E0DED53A-C3E1-441D-9AD2-766E49EAD417}.Debug|x86.ActiveCfg = Debug|x86
		{E0DED53A-C3E1-441D-9AD2-766E49EAD417}.Debug|x86.Build.0 = Debug|x86
		{E0DED53A-C3E1-441D-9AD2-766E49EAD417}.Release|Any CPU.ActiveCfg = Release|Any CPU
		{E0DED53A-C3E1-441D-9AD2-766E49EAD417}.Release|Any CPU.Build.0 = Release|Any CPU
		{E0DED53A-C3E1-441D-9AD2-766E49EAD417}.Release|x86.ActiveCfg = Release|x86
		{E0DED53A-C3E1-441D-9AD2-766E49EAD417}.Release|x86.Build.0 = Release|x86
		{E0DED53A-C3E1-441D-9AD2-766E49EAD417}.StrongMagic|Any CPU.ActiveCfg = Release|Any CPU
		{E0DED53A-C3E1-441D-9AD2-766E49EAD417}.StrongMagic|Any CPU.Build.0 = Release|Any CPU
		{E0DED53A-C3E1-441D-9AD2-766E49EAD417}.StrongMagic|x86.ActiveCfg = Release|x86
		{E0DED53A-C3E1-441D-9AD2-766E49EAD417}.StrongMagic|x86.Build.0 = Release|x86
		{405E4F74-CE98-4BDC-8B78-F3293F4F7BBF}.Debug|Any CPU.ActiveCfg = Debug|Any CPU
		{405E4F74-CE98-4BDC-8B78-F3293F4F7BBF}.Debug|Any CPU.Build.0 = Debug|Any CPU
		{405E4F74-CE98-4BDC-8B78-F3293F4F7BBF}.Debug|x86.ActiveCfg = Debug|x86
		{405E4F74-CE98-4BDC-8B78-F3293F4F7BBF}.Debug|x86.Build.0 = Debug|x86
		{405E4F74-CE98-4BDC-8B78-F3293F4F7BBF}.Release|Any CPU.ActiveCfg = Release|Any CPU
		{405E4F74-CE98-4BDC-8B78-F3293F4F7BBF}.Release|Any CPU.Build.0 = Release|Any CPU
		{405E4F74-CE98-4BDC-8B78-F3293F4F7BBF}.Release|x86.ActiveCfg = Release|x86
		{405E4F74-CE98-4BDC-8B78-F3293F4F7BBF}.Release|x86.Build.0 = Release|x86
		{405E4F74-CE98-4BDC-8B78-F3293F4F7BBF}.StrongMagic|Any CPU.ActiveCfg = Release|Any CPU
		{405E4F74-CE98-4BDC-8B78-F3293F4F7BBF}.StrongMagic|Any CPU.Build.0 = Release|Any CPU
		{405E4F74-CE98-4BDC-8B78-F3293F4F7BBF}.StrongMagic|x86.ActiveCfg = Release|x86
		{405E4F74-CE98-4BDC-8B78-F3293F4F7BBF}.StrongMagic|x86.Build.0 = Release|x86
		{A1B25B92-DE01-4DD6-8D44-72B9A1772D3E}.Debug|Any CPU.ActiveCfg = Debug|x86
		{A1B25B92-DE01-4DD6-8D44-72B9A1772D3E}.Debug|Any CPU.Build.0 = Debug|x86
		{A1B25B92-DE01-4DD6-8D44-72B9A1772D3E}.Debug|x86.ActiveCfg = Debug|x86
		{A1B25B92-DE01-4DD6-8D44-72B9A1772D3E}.Debug|x86.Build.0 = Debug|x86
		{A1B25B92-DE01-4DD6-8D44-72B9A1772D3E}.Release|Any CPU.ActiveCfg = Release|Any CPU
		{A1B25B92-DE01-4DD6-8D44-72B9A1772D3E}.Release|Any CPU.Build.0 = Release|Any CPU
		{A1B25B92-DE01-4DD6-8D44-72B9A1772D3E}.Release|x86.ActiveCfg = Release|x86
		{A1B25B92-DE01-4DD6-8D44-72B9A1772D3E}.Release|x86.Build.0 = Release|x86
		{A1B25B92-DE01-4DD6-8D44-72B9A1772D3E}.StrongMagic|Any CPU.ActiveCfg = Release|Any CPU
		{A1B25B92-DE01-4DD6-8D44-72B9A1772D3E}.StrongMagic|Any CPU.Build.0 = Release|Any CPU
		{A1B25B92-DE01-4DD6-8D44-72B9A1772D3E}.StrongMagic|x86.ActiveCfg = Release|x86
		{A1B25B92-DE01-4DD6-8D44-72B9A1772D3E}.StrongMagic|x86.Build.0 = Release|x86
		{1A12C68D-7C3B-46A6-8406-10ADCFA51B7A}.Debug|Any CPU.ActiveCfg = Debug|Any CPU
		{1A12C68D-7C3B-46A6-8406-10ADCFA51B7A}.Debug|Any CPU.Build.0 = Debug|Any CPU
		{1A12C68D-7C3B-46A6-8406-10ADCFA51B7A}.Debug|x86.ActiveCfg = Debug|Any CPU
		{1A12C68D-7C3B-46A6-8406-10ADCFA51B7A}.Release|Any CPU.ActiveCfg = Release|Any CPU
		{1A12C68D-7C3B-46A6-8406-10ADCFA51B7A}.Release|Any CPU.Build.0 = Release|Any CPU
		{1A12C68D-7C3B-46A6-8406-10ADCFA51B7A}.Release|x86.ActiveCfg = Release|Any CPU
		{1A12C68D-7C3B-46A6-8406-10ADCFA51B7A}.StrongMagic|Any CPU.ActiveCfg = Release|Any CPU
		{1A12C68D-7C3B-46A6-8406-10ADCFA51B7A}.StrongMagic|Any CPU.Build.0 = Release|Any CPU
		{1A12C68D-7C3B-46A6-8406-10ADCFA51B7A}.StrongMagic|x86.ActiveCfg = Release|Any CPU
		{FD252676-D01F-453A-8DC1-4AC39DF7D22A}.Debug|Any CPU.ActiveCfg = Debug|Any CPU
		{FD252676-D01F-453A-8DC1-4AC39DF7D22A}.Debug|Any CPU.Build.0 = Debug|Any CPU
		{FD252676-D01F-453A-8DC1-4AC39DF7D22A}.Debug|x86.ActiveCfg = Debug|Any CPU
		{FD252676-D01F-453A-8DC1-4AC39DF7D22A}.Release|Any CPU.ActiveCfg = Release|Any CPU
		{FD252676-D01F-453A-8DC1-4AC39DF7D22A}.Release|Any CPU.Build.0 = Release|Any CPU
		{FD252676-D01F-453A-8DC1-4AC39DF7D22A}.Release|x86.ActiveCfg = Release|Any CPU
		{FD252676-D01F-453A-8DC1-4AC39DF7D22A}.StrongMagic|Any CPU.ActiveCfg = Release|Any CPU
		{FD252676-D01F-453A-8DC1-4AC39DF7D22A}.StrongMagic|Any CPU.Build.0 = Release|Any CPU
		{FD252676-D01F-453A-8DC1-4AC39DF7D22A}.StrongMagic|x86.ActiveCfg = Release|Any CPU
	EndGlobalSection
	GlobalSection(SolutionProperties) = preSolution
		HideSolutionNode = FALSE
	EndGlobalSection
EndGlobal
