
Microsoft Visual Studio Solution File, Format Version 11.00
# Visual Studio 2010
Project("{FAE04EC0-301F-11D3-BF4B-00C04F79EFBC}") = "Terminals", "Terminals\Terminals.csproj", "{9ECB9FEF-89D1-4144-BAD4-5F3218545B2B}"
EndProject
Project("{FAE04EC0-301F-11D3-BF4B-00C04F79EFBC}") = "TabControl", "TabControl\TabControl.csproj", "{3D54DB4B-DC8A-44AA-8EE0-4EDF58CE1331}"
EndProject
Project("{FAE04EC0-301F-11D3-BF4B-00C04F79EFBC}") = "Metro", "Metro\Metro.csproj", "{4F3A4024-5A19-4F08-823A-B75D6AFE5CD8}"
EndProject
Project("{FAE04EC0-301F-11D3-BF4B-00C04F79EFBC}") = "TerminalsUpdater", "TerminalsUpdater\TerminalsUpdater.csproj", "{1809300B-6C6C-46B2-AF2F-29006FF2A30F}"
EndProject
Project("{FAE04EC0-301F-11D3-BF4B-00C04F79EFBC}") = "VncSharp", "VncSharp\VncSharp.csproj", "{E0695F0F-0FAF-44BC-AE55-A1FCBFE70271}"
EndProject
Project("{FAE04EC0-301F-11D3-BF4B-00C04F79EFBC}") = "HexEditor", "HexEditor\HexEditor.csproj", "{405E4F74-CE98-4BDC-8B78-F3293F4F7BBF}"
EndProject
Project("{FAE04EC0-301F-11D3-BF4B-00C04F79EFBC}") = "SharpPcap", "SharpPcap\SharpPcap.csproj", "{A1B25B92-DE01-4DD6-8D44-72B9A1772D3E}"
EndProject
Project("{FAE04EC0-301F-11D3-BF4B-00C04F79EFBC}") = "Affirma.ThreeSharp", "Affirma.ThreeSharp\Affirma.ThreeSharp.csproj", "{1A12C68D-7C3B-46A6-8406-10ADCFA51B7A}"
EndProject
Project("{FAE04EC0-301F-11D3-BF4B-00C04F79EFBC}") = "Affirma.ThreeSharp.Wrapper", "Affirma.ThreeSharp.Wrapper\Affirma.ThreeSharp.Wrapper.csproj", "{FD252676-D01F-453A-8DC1-4AC39DF7D22A}"
EndProject
Project("{FAE04EC0-301F-11D3-BF4B-00C04F79EFBC}") = "Granados", "Granados\Granados.csproj", "{9780D85D-2E12-4747-9E08-DEDB95A71FC3}"
EndProject
Project("{FAE04EC0-301F-11D3-BF4B-00C04F79EFBC}") = "TerminalEmulator", "TerminalEmulator\TerminalEmulator.csproj", "{933C6FDB-9617-4F19-89AF-C5D373F88479}"
EndProject
Project("{FAE04EC0-301F-11D3-BF4B-00C04F79EFBC}") = "Socks", "Socks\Socks.csproj", "{59D3ACA4-4360-4798-B4CA-DDDAF350A010}"
EndProject
Project("{FAE04EC0-301F-11D3-BF4B-00C04F79EFBC}") = "zlib.net", "zlib.net\zlib.net.csproj", "{0C89B7A2-A218-49E4-B545-5B044A45F977}"
EndProject
Project("{FAE04EC0-301F-11D3-BF4B-00C04F79EFBC}") = "SSHClient", "SSHClient\SSHClient.csproj", "{6F218F20-AE4B-4966-A821-4BDE214B8BFF}"
EndProject
Project("{54435603-DBB4-11D2-8724-00A0C9A8B90C}") = "SetupTerminals", "SetupTerminals\SetupTerminals.vdproj", "{5085BDC8-1793-4FCC-A038-8AE15816238A}"
EndProject
Global
	GlobalSection(TeamFoundationVersionControl) = preSolution
		SccNumberOfProjects = 16
		SccEnterpriseProvider = {4CA58AB2-18FA-4F8D-95D4-32DDF27D184C}
		SccTeamFoundationServer = https://tfs.codeplex.com/tfs/tfs01
		SccLocalPath0 = .
		SccProjectUniqueName1 = Terminals\\Terminals.csproj
		SccProjectName1 = Terminals
		SccAuxPath1 = https://tfs.codeplex.com/tfs/TFS01
		SccLocalPath1 = Terminals
		SccProjectUniqueName2 = TabControl\\TabControl.csproj
		SccProjectName2 = TabControl
		SccAuxPath2 = https://tfs.codeplex.com/tfs/TFS01
		SccLocalPath2 = TabControl
		SccProjectUniqueName3 = Metro\\Metro.csproj
		SccProjectName3 = Metro
		SccLocalPath3 = Metro
		SccProjectUniqueName4 = TerminalsUpdater\\TerminalsUpdater.csproj
		SccProjectName4 = TerminalsUpdater
		SccLocalPath4 = TerminalsUpdater
		SccProjectUniqueName5 = VncSharp\\VncSharp.csproj
		SccProjectName5 = VncSharp
		SccAuxPath5 = https://tfs.codeplex.com/tfs/TFS01
		SccLocalPath5 = VncSharp
		SccProjectUniqueName6 = HexEditor\\HexEditor.csproj
		SccProjectName6 = HexEditor
		SccLocalPath6 = HexEditor
		SccProjectUniqueName7 = SharpPcap\\SharpPcap.csproj
		SccProjectName7 = SharpPcap
		SccLocalPath7 = SharpPcap
		SccProjectUniqueName8 = Affirma.ThreeSharp\\Affirma.ThreeSharp.csproj
		SccProjectName8 = Affirma.ThreeSharp
		SccLocalPath8 = Affirma.ThreeSharp
		SccProjectUniqueName9 = Affirma.ThreeSharp.Wrapper\\Affirma.ThreeSharp.Wrapper.csproj
		SccProjectName9 = Affirma.ThreeSharp.Wrapper
		SccLocalPath9 = Affirma.ThreeSharp.Wrapper
		SccProjectUniqueName10 = Granados\\Granados.csproj
		SccProjectName10 = Granados
		SccLocalPath10 = Granados
		SccProjectUniqueName11 = Socks\\Socks.csproj
		SccProjectName11 = Socks
		SccLocalPath11 = Socks
		SccProjectUniqueName12 = SSHClient\\SSHClient.csproj
		SccProjectName12 = SSHClient
		SccLocalPath12 = SSHClient
		SccProjectUniqueName13 = TerminalEmulator\\TerminalEmulator.csproj
		SccProjectName13 = TerminalEmulator
		SccLocalPath13 = TerminalEmulator
		SccProjectUniqueName14 = zlib.net\\zlib.net.csproj
		SccProjectName14 = zlib.net
		SccLocalPath14 = zlib.net
		SccProjectUniqueName15 = SetupTerminals\\SetupTerminals.vdproj
		SccProjectName15 = SetupTerminals
		SccLocalPath15 = SetupTerminals
	EndGlobalSection
	GlobalSection(SolutionConfigurationPlatforms) = preSolution
		Debug|Any CPU = Debug|Any CPU
		Debug|x86 = Debug|x86
		Distribution Release|Any CPU = Distribution Release|Any CPU
		Distribution Release|x86 = Distribution Release|x86
		Release|Any CPU = Release|Any CPU
		Release|x86 = Release|x86
		StrongMagic|Any CPU = StrongMagic|Any CPU
		StrongMagic|x86 = StrongMagic|x86
	EndGlobalSection
	GlobalSection(ProjectConfigurationPlatforms) = postSolution
		{9ECB9FEF-89D1-4144-BAD4-5F3218545B2B}.Debug|Any CPU.ActiveCfg = Debug|Any CPU
		{9ECB9FEF-89D1-4144-BAD4-5F3218545B2B}.Debug|Any CPU.Build.0 = Debug|Any CPU
		{9ECB9FEF-89D1-4144-BAD4-5F3218545B2B}.Debug|x86.ActiveCfg = Debug|x86
		{9ECB9FEF-89D1-4144-BAD4-5F3218545B2B}.Debug|x86.Build.0 = Debug|x86
		{9ECB9FEF-89D1-4144-BAD4-5F3218545B2B}.Distribution Release|Any CPU.ActiveCfg = Distribution Release|Any CPU
		{9ECB9FEF-89D1-4144-BAD4-5F3218545B2B}.Distribution Release|Any CPU.Build.0 = Distribution Release|Any CPU
		{9ECB9FEF-89D1-4144-BAD4-5F3218545B2B}.Distribution Release|x86.ActiveCfg = Distribution Release|x86
		{9ECB9FEF-89D1-4144-BAD4-5F3218545B2B}.Distribution Release|x86.Build.0 = Distribution Release|x86
		{9ECB9FEF-89D1-4144-BAD4-5F3218545B2B}.Release|Any CPU.ActiveCfg = Release|Any CPU
		{9ECB9FEF-89D1-4144-BAD4-5F3218545B2B}.Release|Any CPU.Build.0 = Release|Any CPU
		{9ECB9FEF-89D1-4144-BAD4-5F3218545B2B}.Release|x86.ActiveCfg = Release|x86
		{9ECB9FEF-89D1-4144-BAD4-5F3218545B2B}.Release|x86.Build.0 = Release|x86
		{9ECB9FEF-89D1-4144-BAD4-5F3218545B2B}.StrongMagic|Any CPU.ActiveCfg = Distribution Release|x86
		{9ECB9FEF-89D1-4144-BAD4-5F3218545B2B}.StrongMagic|x86.ActiveCfg = Distribution Release|x86
		{9ECB9FEF-89D1-4144-BAD4-5F3218545B2B}.StrongMagic|x86.Build.0 = Distribution Release|x86
		{3D54DB4B-DC8A-44AA-8EE0-4EDF58CE1331}.Debug|Any CPU.ActiveCfg = Debug|Any CPU
		{3D54DB4B-DC8A-44AA-8EE0-4EDF58CE1331}.Debug|Any CPU.Build.0 = Debug|Any CPU
		{3D54DB4B-DC8A-44AA-8EE0-4EDF58CE1331}.Debug|x86.ActiveCfg = Debug|x86
		{3D54DB4B-DC8A-44AA-8EE0-4EDF58CE1331}.Debug|x86.Build.0 = Debug|x86
		{3D54DB4B-DC8A-44AA-8EE0-4EDF58CE1331}.Distribution Release|Any CPU.ActiveCfg = Distribution Release|Any CPU
		{3D54DB4B-DC8A-44AA-8EE0-4EDF58CE1331}.Distribution Release|Any CPU.Build.0 = Distribution Release|Any CPU
		{3D54DB4B-DC8A-44AA-8EE0-4EDF58CE1331}.Distribution Release|x86.ActiveCfg = Distribution Release|x86
		{3D54DB4B-DC8A-44AA-8EE0-4EDF58CE1331}.Distribution Release|x86.Build.0 = Distribution Release|x86
		{3D54DB4B-DC8A-44AA-8EE0-4EDF58CE1331}.Release|Any CPU.ActiveCfg = Release|Any CPU
		{3D54DB4B-DC8A-44AA-8EE0-4EDF58CE1331}.Release|Any CPU.Build.0 = Release|Any CPU
		{3D54DB4B-DC8A-44AA-8EE0-4EDF58CE1331}.Release|x86.ActiveCfg = Release|x86
		{3D54DB4B-DC8A-44AA-8EE0-4EDF58CE1331}.Release|x86.Build.0 = Release|x86
		{3D54DB4B-DC8A-44AA-8EE0-4EDF58CE1331}.StrongMagic|Any CPU.ActiveCfg = Distribution Release|x86
		{3D54DB4B-DC8A-44AA-8EE0-4EDF58CE1331}.StrongMagic|x86.ActiveCfg = Distribution Release|x86
		{3D54DB4B-DC8A-44AA-8EE0-4EDF58CE1331}.StrongMagic|x86.Build.0 = Distribution Release|x86
		{4F3A4024-5A19-4F08-823A-B75D6AFE5CD8}.Debug|Any CPU.ActiveCfg = Debug|Any CPU
		{4F3A4024-5A19-4F08-823A-B75D6AFE5CD8}.Debug|Any CPU.Build.0 = Debug|Any CPU
		{4F3A4024-5A19-4F08-823A-B75D6AFE5CD8}.Debug|x86.ActiveCfg = Debug|x86
		{4F3A4024-5A19-4F08-823A-B75D6AFE5CD8}.Debug|x86.Build.0 = Debug|x86
		{4F3A4024-5A19-4F08-823A-B75D6AFE5CD8}.Distribution Release|Any CPU.ActiveCfg = Distribution Release|Any CPU
		{4F3A4024-5A19-4F08-823A-B75D6AFE5CD8}.Distribution Release|Any CPU.Build.0 = Distribution Release|Any CPU
		{4F3A4024-5A19-4F08-823A-B75D6AFE5CD8}.Distribution Release|x86.ActiveCfg = Distribution Release|x86
		{4F3A4024-5A19-4F08-823A-B75D6AFE5CD8}.Distribution Release|x86.Build.0 = Distribution Release|x86
		{4F3A4024-5A19-4F08-823A-B75D6AFE5CD8}.Release|Any CPU.ActiveCfg = Release|Any CPU
		{4F3A4024-5A19-4F08-823A-B75D6AFE5CD8}.Release|Any CPU.Build.0 = Release|Any CPU
		{4F3A4024-5A19-4F08-823A-B75D6AFE5CD8}.Release|x86.ActiveCfg = Release|x86
		{4F3A4024-5A19-4F08-823A-B75D6AFE5CD8}.Release|x86.Build.0 = Release|x86
		{4F3A4024-5A19-4F08-823A-B75D6AFE5CD8}.StrongMagic|Any CPU.ActiveCfg = Distribution Release|x86
		{4F3A4024-5A19-4F08-823A-B75D6AFE5CD8}.StrongMagic|x86.ActiveCfg = Distribution Release|x86
		{4F3A4024-5A19-4F08-823A-B75D6AFE5CD8}.StrongMagic|x86.Build.0 = Distribution Release|x86
		{1809300B-6C6C-46B2-AF2F-29006FF2A30F}.Debug|Any CPU.ActiveCfg = Debug|Any CPU
		{1809300B-6C6C-46B2-AF2F-29006FF2A30F}.Debug|Any CPU.Build.0 = Debug|Any CPU
		{1809300B-6C6C-46B2-AF2F-29006FF2A30F}.Debug|x86.ActiveCfg = Debug|x86
		{1809300B-6C6C-46B2-AF2F-29006FF2A30F}.Debug|x86.Build.0 = Debug|x86
		{1809300B-6C6C-46B2-AF2F-29006FF2A30F}.Distribution Release|Any CPU.ActiveCfg = Distribution Release|Any CPU
		{1809300B-6C6C-46B2-AF2F-29006FF2A30F}.Distribution Release|Any CPU.Build.0 = Distribution Release|Any CPU
		{1809300B-6C6C-46B2-AF2F-29006FF2A30F}.Distribution Release|x86.ActiveCfg = Distribution Release|x86
		{1809300B-6C6C-46B2-AF2F-29006FF2A30F}.Distribution Release|x86.Build.0 = Distribution Release|x86
		{1809300B-6C6C-46B2-AF2F-29006FF2A30F}.Release|Any CPU.ActiveCfg = Release|Any CPU
		{1809300B-6C6C-46B2-AF2F-29006FF2A30F}.Release|Any CPU.Build.0 = Release|Any CPU
		{1809300B-6C6C-46B2-AF2F-29006FF2A30F}.Release|x86.ActiveCfg = Release|x86
		{1809300B-6C6C-46B2-AF2F-29006FF2A30F}.Release|x86.Build.0 = Release|x86
		{1809300B-6C6C-46B2-AF2F-29006FF2A30F}.StrongMagic|Any CPU.ActiveCfg = Distribution Release|x86
		{1809300B-6C6C-46B2-AF2F-29006FF2A30F}.StrongMagic|x86.ActiveCfg = Distribution Release|x86
		{1809300B-6C6C-46B2-AF2F-29006FF2A30F}.StrongMagic|x86.Build.0 = Distribution Release|x86
		{E0695F0F-0FAF-44BC-AE55-A1FCBFE70271}.Debug|Any CPU.ActiveCfg = Debug|Any CPU
		{E0695F0F-0FAF-44BC-AE55-A1FCBFE70271}.Debug|Any CPU.Build.0 = Debug|Any CPU
		{E0695F0F-0FAF-44BC-AE55-A1FCBFE70271}.Debug|x86.ActiveCfg = Debug|Any CPU
		{E0695F0F-0FAF-44BC-AE55-A1FCBFE70271}.Distribution Release|Any CPU.ActiveCfg = Distribution Release|Any CPU
		{E0695F0F-0FAF-44BC-AE55-A1FCBFE70271}.Distribution Release|Any CPU.Build.0 = Distribution Release|Any CPU
		{E0695F0F-0FAF-44BC-AE55-A1FCBFE70271}.Distribution Release|x86.ActiveCfg = Distribution Release|Any CPU
		{E0695F0F-0FAF-44BC-AE55-A1FCBFE70271}.Release|Any CPU.ActiveCfg = Release|Any CPU
		{E0695F0F-0FAF-44BC-AE55-A1FCBFE70271}.Release|Any CPU.Build.0 = Release|Any CPU
		{E0695F0F-0FAF-44BC-AE55-A1FCBFE70271}.Release|x86.ActiveCfg = Release|Any CPU
		{E0695F0F-0FAF-44BC-AE55-A1FCBFE70271}.StrongMagic|Any CPU.ActiveCfg = Distribution Release|Any CPU
		{E0695F0F-0FAF-44BC-AE55-A1FCBFE70271}.StrongMagic|Any CPU.Build.0 = Distribution Release|Any CPU
		{E0695F0F-0FAF-44BC-AE55-A1FCBFE70271}.StrongMagic|x86.ActiveCfg = Distribution Release|Any CPU
		{405E4F74-CE98-4BDC-8B78-F3293F4F7BBF}.Debug|Any CPU.ActiveCfg = Debug|Any CPU
		{405E4F74-CE98-4BDC-8B78-F3293F4F7BBF}.Debug|Any CPU.Build.0 = Debug|Any CPU
		{405E4F74-CE98-4BDC-8B78-F3293F4F7BBF}.Debug|x86.ActiveCfg = Debug|x86
		{405E4F74-CE98-4BDC-8B78-F3293F4F7BBF}.Debug|x86.Build.0 = Debug|x86
		{405E4F74-CE98-4BDC-8B78-F3293F4F7BBF}.Distribution Release|Any CPU.ActiveCfg = Distribution Release|Any CPU
		{405E4F74-CE98-4BDC-8B78-F3293F4F7BBF}.Distribution Release|Any CPU.Build.0 = Distribution Release|Any CPU
		{405E4F74-CE98-4BDC-8B78-F3293F4F7BBF}.Distribution Release|x86.ActiveCfg = Distribution Release|x86
		{405E4F74-CE98-4BDC-8B78-F3293F4F7BBF}.Distribution Release|x86.Build.0 = Distribution Release|x86
		{405E4F74-CE98-4BDC-8B78-F3293F4F7BBF}.Release|Any CPU.ActiveCfg = Release|Any CPU
		{405E4F74-CE98-4BDC-8B78-F3293F4F7BBF}.Release|Any CPU.Build.0 = Release|Any CPU
		{405E4F74-CE98-4BDC-8B78-F3293F4F7BBF}.Release|x86.ActiveCfg = Release|x86
		{405E4F74-CE98-4BDC-8B78-F3293F4F7BBF}.Release|x86.Build.0 = Release|x86
		{405E4F74-CE98-4BDC-8B78-F3293F4F7BBF}.StrongMagic|Any CPU.ActiveCfg = Distribution Release|x86
		{405E4F74-CE98-4BDC-8B78-F3293F4F7BBF}.StrongMagic|x86.ActiveCfg = Distribution Release|x86
		{405E4F74-CE98-4BDC-8B78-F3293F4F7BBF}.StrongMagic|x86.Build.0 = Distribution Release|x86
		{A1B25B92-DE01-4DD6-8D44-72B9A1772D3E}.Debug|Any CPU.ActiveCfg = Debug|Any CPU
		{A1B25B92-DE01-4DD6-8D44-72B9A1772D3E}.Debug|Any CPU.Build.0 = Debug|Any CPU
		{A1B25B92-DE01-4DD6-8D44-72B9A1772D3E}.Debug|x86.ActiveCfg = Debug|x86
		{A1B25B92-DE01-4DD6-8D44-72B9A1772D3E}.Debug|x86.Build.0 = Debug|x86
		{A1B25B92-DE01-4DD6-8D44-72B9A1772D3E}.Distribution Release|Any CPU.ActiveCfg = Distribution Release|Any CPU
		{A1B25B92-DE01-4DD6-8D44-72B9A1772D3E}.Distribution Release|Any CPU.Build.0 = Distribution Release|Any CPU
		{A1B25B92-DE01-4DD6-8D44-72B9A1772D3E}.Distribution Release|x86.ActiveCfg = Distribution Release|x86
		{A1B25B92-DE01-4DD6-8D44-72B9A1772D3E}.Distribution Release|x86.Build.0 = Distribution Release|x86
		{A1B25B92-DE01-4DD6-8D44-72B9A1772D3E}.Release|Any CPU.ActiveCfg = Release|Any CPU
		{A1B25B92-DE01-4DD6-8D44-72B9A1772D3E}.Release|Any CPU.Build.0 = Release|Any CPU
		{A1B25B92-DE01-4DD6-8D44-72B9A1772D3E}.Release|x86.ActiveCfg = Release|x86
		{A1B25B92-DE01-4DD6-8D44-72B9A1772D3E}.Release|x86.Build.0 = Release|x86
		{A1B25B92-DE01-4DD6-8D44-72B9A1772D3E}.StrongMagic|Any CPU.ActiveCfg = Distribution Release|x86
		{A1B25B92-DE01-4DD6-8D44-72B9A1772D3E}.StrongMagic|x86.ActiveCfg = Distribution Release|x86
		{A1B25B92-DE01-4DD6-8D44-72B9A1772D3E}.StrongMagic|x86.Build.0 = Distribution Release|x86
		{1A12C68D-7C3B-46A6-8406-10ADCFA51B7A}.Debug|Any CPU.ActiveCfg = Debug|Any CPU
		{1A12C68D-7C3B-46A6-8406-10ADCFA51B7A}.Debug|Any CPU.Build.0 = Debug|Any CPU
		{1A12C68D-7C3B-46A6-8406-10ADCFA51B7A}.Debug|x86.ActiveCfg = Debug|Any CPU
		{1A12C68D-7C3B-46A6-8406-10ADCFA51B7A}.Distribution Release|Any CPU.ActiveCfg = Distribution Release|Any CPU
		{1A12C68D-7C3B-46A6-8406-10ADCFA51B7A}.Distribution Release|Any CPU.Build.0 = Distribution Release|Any CPU
		{1A12C68D-7C3B-46A6-8406-10ADCFA51B7A}.Distribution Release|x86.ActiveCfg = Distribution Release|Any CPU
		{1A12C68D-7C3B-46A6-8406-10ADCFA51B7A}.Release|Any CPU.ActiveCfg = Release|Any CPU
		{1A12C68D-7C3B-46A6-8406-10ADCFA51B7A}.Release|Any CPU.Build.0 = Release|Any CPU
		{1A12C68D-7C3B-46A6-8406-10ADCFA51B7A}.Release|x86.ActiveCfg = Release|Any CPU
		{1A12C68D-7C3B-46A6-8406-10ADCFA51B7A}.StrongMagic|Any CPU.ActiveCfg = Distribution Release|Any CPU
		{1A12C68D-7C3B-46A6-8406-10ADCFA51B7A}.StrongMagic|Any CPU.Build.0 = Distribution Release|Any CPU
		{1A12C68D-7C3B-46A6-8406-10ADCFA51B7A}.StrongMagic|x86.ActiveCfg = Distribution Release|Any CPU
		{FD252676-D01F-453A-8DC1-4AC39DF7D22A}.Debug|Any CPU.ActiveCfg = Debug|Any CPU
		{FD252676-D01F-453A-8DC1-4AC39DF7D22A}.Debug|Any CPU.Build.0 = Debug|Any CPU
		{FD252676-D01F-453A-8DC1-4AC39DF7D22A}.Debug|x86.ActiveCfg = Debug|Any CPU
		{FD252676-D01F-453A-8DC1-4AC39DF7D22A}.Distribution Release|Any CPU.ActiveCfg = Distribution Release|Any CPU
		{FD252676-D01F-453A-8DC1-4AC39DF7D22A}.Distribution Release|Any CPU.Build.0 = Distribution Release|Any CPU
		{FD252676-D01F-453A-8DC1-4AC39DF7D22A}.Distribution Release|x86.ActiveCfg = Distribution Release|Any CPU
		{FD252676-D01F-453A-8DC1-4AC39DF7D22A}.Release|Any CPU.ActiveCfg = Release|Any CPU
		{FD252676-D01F-453A-8DC1-4AC39DF7D22A}.Release|Any CPU.Build.0 = Release|Any CPU
		{FD252676-D01F-453A-8DC1-4AC39DF7D22A}.Release|x86.ActiveCfg = Release|Any CPU
		{FD252676-D01F-453A-8DC1-4AC39DF7D22A}.StrongMagic|Any CPU.ActiveCfg = Distribution Release|Any CPU
		{FD252676-D01F-453A-8DC1-4AC39DF7D22A}.StrongMagic|Any CPU.Build.0 = Distribution Release|Any CPU
		{FD252676-D01F-453A-8DC1-4AC39DF7D22A}.StrongMagic|x86.ActiveCfg = Distribution Release|Any CPU
		{9780D85D-2E12-4747-9E08-DEDB95A71FC3}.Debug|Any CPU.ActiveCfg = Debug|Any CPU
		{9780D85D-2E12-4747-9E08-DEDB95A71FC3}.Debug|Any CPU.Build.0 = Debug|Any CPU
		{9780D85D-2E12-4747-9E08-DEDB95A71FC3}.Debug|x86.ActiveCfg = Debug|Any CPU
		{9780D85D-2E12-4747-9E08-DEDB95A71FC3}.Distribution Release|Any CPU.ActiveCfg = Distribution Release|Any CPU
		{9780D85D-2E12-4747-9E08-DEDB95A71FC3}.Distribution Release|Any CPU.Build.0 = Distribution Release|Any CPU
		{9780D85D-2E12-4747-9E08-DEDB95A71FC3}.Distribution Release|x86.ActiveCfg = Distribution Release|Any CPU
		{9780D85D-2E12-4747-9E08-DEDB95A71FC3}.Release|Any CPU.ActiveCfg = Release|Any CPU
		{9780D85D-2E12-4747-9E08-DEDB95A71FC3}.Release|Any CPU.Build.0 = Release|Any CPU
		{9780D85D-2E12-4747-9E08-DEDB95A71FC3}.Release|x86.ActiveCfg = Release|Any CPU
		{9780D85D-2E12-4747-9E08-DEDB95A71FC3}.StrongMagic|Any CPU.ActiveCfg = Distribution Release|Any CPU
		{9780D85D-2E12-4747-9E08-DEDB95A71FC3}.StrongMagic|Any CPU.Build.0 = Distribution Release|Any CPU
		{9780D85D-2E12-4747-9E08-DEDB95A71FC3}.StrongMagic|x86.ActiveCfg = Distribution Release|Any CPU
		{933C6FDB-9617-4F19-89AF-C5D373F88479}.Debug|Any CPU.ActiveCfg = Debug|Any CPU
		{933C6FDB-9617-4F19-89AF-C5D373F88479}.Debug|Any CPU.Build.0 = Debug|Any CPU
		{933C6FDB-9617-4F19-89AF-C5D373F88479}.Debug|x86.ActiveCfg = Debug|Any CPU
		{933C6FDB-9617-4F19-89AF-C5D373F88479}.Distribution Release|Any CPU.ActiveCfg = Distribution Release|Any CPU
		{933C6FDB-9617-4F19-89AF-C5D373F88479}.Distribution Release|Any CPU.Build.0 = Distribution Release|Any CPU
		{933C6FDB-9617-4F19-89AF-C5D373F88479}.Distribution Release|x86.ActiveCfg = Distribution Release|Any CPU
		{933C6FDB-9617-4F19-89AF-C5D373F88479}.Release|Any CPU.ActiveCfg = Release|Any CPU
		{933C6FDB-9617-4F19-89AF-C5D373F88479}.Release|Any CPU.Build.0 = Release|Any CPU
		{933C6FDB-9617-4F19-89AF-C5D373F88479}.Release|x86.ActiveCfg = Release|Any CPU
		{933C6FDB-9617-4F19-89AF-C5D373F88479}.StrongMagic|Any CPU.ActiveCfg = Distribution Release|Any CPU
		{933C6FDB-9617-4F19-89AF-C5D373F88479}.StrongMagic|Any CPU.Build.0 = Distribution Release|Any CPU
		{933C6FDB-9617-4F19-89AF-C5D373F88479}.StrongMagic|x86.ActiveCfg = Distribution Release|Any CPU
		{59D3ACA4-4360-4798-B4CA-DDDAF350A010}.Debug|Any CPU.ActiveCfg = Debug|Any CPU
		{59D3ACA4-4360-4798-B4CA-DDDAF350A010}.Debug|Any CPU.Build.0 = Debug|Any CPU
		{59D3ACA4-4360-4798-B4CA-DDDAF350A010}.Debug|x86.ActiveCfg = Debug|Any CPU
		{59D3ACA4-4360-4798-B4CA-DDDAF350A010}.Distribution Release|Any CPU.ActiveCfg = Distribution Release|Any CPU
		{59D3ACA4-4360-4798-B4CA-DDDAF350A010}.Distribution Release|Any CPU.Build.0 = Distribution Release|Any CPU
		{59D3ACA4-4360-4798-B4CA-DDDAF350A010}.Distribution Release|x86.ActiveCfg = Distribution Release|Any CPU
		{59D3ACA4-4360-4798-B4CA-DDDAF350A010}.Release|Any CPU.ActiveCfg = Release|Any CPU
		{59D3ACA4-4360-4798-B4CA-DDDAF350A010}.Release|Any CPU.Build.0 = Release|Any CPU
		{59D3ACA4-4360-4798-B4CA-DDDAF350A010}.Release|x86.ActiveCfg = Release|Any CPU
		{59D3ACA4-4360-4798-B4CA-DDDAF350A010}.StrongMagic|Any CPU.ActiveCfg = Distribution Release|Any CPU
		{59D3ACA4-4360-4798-B4CA-DDDAF350A010}.StrongMagic|Any CPU.Build.0 = Distribution Release|Any CPU
		{59D3ACA4-4360-4798-B4CA-DDDAF350A010}.StrongMagic|x86.ActiveCfg = Distribution Release|Any CPU
		{0C89B7A2-A218-49E4-B545-5B044A45F977}.Debug|Any CPU.ActiveCfg = Debug|Any CPU
		{0C89B7A2-A218-49E4-B545-5B044A45F977}.Debug|Any CPU.Build.0 = Debug|Any CPU
		{0C89B7A2-A218-49E4-B545-5B044A45F977}.Debug|x86.ActiveCfg = Debug|Any CPU
		{0C89B7A2-A218-49E4-B545-5B044A45F977}.Distribution Release|Any CPU.ActiveCfg = Distribution Release|Any CPU
		{0C89B7A2-A218-49E4-B545-5B044A45F977}.Distribution Release|Any CPU.Build.0 = Distribution Release|Any CPU
		{0C89B7A2-A218-49E4-B545-5B044A45F977}.Distribution Release|x86.ActiveCfg = Distribution Release|Any CPU
		{0C89B7A2-A218-49E4-B545-5B044A45F977}.Release|Any CPU.ActiveCfg = Release|Any CPU
		{0C89B7A2-A218-49E4-B545-5B044A45F977}.Release|Any CPU.Build.0 = Release|Any CPU
		{0C89B7A2-A218-49E4-B545-5B044A45F977}.Release|x86.ActiveCfg = Release|Any CPU
		{0C89B7A2-A218-49E4-B545-5B044A45F977}.StrongMagic|Any CPU.ActiveCfg = Distribution Release|Any CPU
		{0C89B7A2-A218-49E4-B545-5B044A45F977}.StrongMagic|Any CPU.Build.0 = Distribution Release|Any CPU
		{0C89B7A2-A218-49E4-B545-5B044A45F977}.StrongMagic|x86.ActiveCfg = Distribution Release|Any CPU
		{6F218F20-AE4B-4966-A821-4BDE214B8BFF}.Debug|Any CPU.ActiveCfg = Debug|Any CPU
		{6F218F20-AE4B-4966-A821-4BDE214B8BFF}.Debug|Any CPU.Build.0 = Debug|Any CPU
		{6F218F20-AE4B-4966-A821-4BDE214B8BFF}.Debug|x86.ActiveCfg = Debug|Any CPU
		{6F218F20-AE4B-4966-A821-4BDE214B8BFF}.Distribution Release|Any CPU.ActiveCfg = Distribution Release|Any CPU
		{6F218F20-AE4B-4966-A821-4BDE214B8BFF}.Distribution Release|Any CPU.Build.0 = Distribution Release|Any CPU
		{6F218F20-AE4B-4966-A821-4BDE214B8BFF}.Distribution Release|x86.ActiveCfg = Distribution Release|Any CPU
		{6F218F20-AE4B-4966-A821-4BDE214B8BFF}.Release|Any CPU.ActiveCfg = Release|Any CPU
		{6F218F20-AE4B-4966-A821-4BDE214B8BFF}.Release|Any CPU.Build.0 = Release|Any CPU
		{6F218F20-AE4B-4966-A821-4BDE214B8BFF}.Release|x86.ActiveCfg = Release|Any CPU
		{6F218F20-AE4B-4966-A821-4BDE214B8BFF}.StrongMagic|Any CPU.ActiveCfg = Distribution Release|Any CPU
		{6F218F20-AE4B-4966-A821-4BDE214B8BFF}.StrongMagic|Any CPU.Build.0 = Distribution Release|Any CPU
		{6F218F20-AE4B-4966-A821-4BDE214B8BFF}.StrongMagic|x86.ActiveCfg = Distribution Release|Any CPU
		{5085BDC8-1793-4FCC-A038-8AE15816238A}.Debug|Any CPU.ActiveCfg = Debug
		{5085BDC8-1793-4FCC-A038-8AE15816238A}.Debug|x86.ActiveCfg = Debug
		{5085BDC8-1793-4FCC-A038-8AE15816238A}.Debug|x86.Build.0 = Debug
		{5085BDC8-1793-4FCC-A038-8AE15816238A}.Distribution Release|Any CPU.ActiveCfg = Distribution Release
		{5085BDC8-1793-4FCC-A038-8AE15816238A}.Distribution Release|Any CPU.Build.0 = Distribution Release
		{5085BDC8-1793-4FCC-A038-8AE15816238A}.Distribution Release|x86.ActiveCfg = Distribution Release
		{5085BDC8-1793-4FCC-A038-8AE15816238A}.Distribution Release|x86.Build.0 = Distribution Release
		{5085BDC8-1793-4FCC-A038-8AE15816238A}.Release|Any CPU.ActiveCfg = Release Executable
		{5085BDC8-1793-4FCC-A038-8AE15816238A}.Release|Any CPU.Build.0 = Release Executable
		{5085BDC8-1793-4FCC-A038-8AE15816238A}.Release|x86.ActiveCfg = Release Executable
		{5085BDC8-1793-4FCC-A038-8AE15816238A}.Release|x86.Build.0 = Release Executable
		{5085BDC8-1793-4FCC-A038-8AE15816238A}.StrongMagic|Any CPU.ActiveCfg = Release Executable
		{5085BDC8-1793-4FCC-A038-8AE15816238A}.StrongMagic|Any CPU.Build.0 = Release Executable
		{5085BDC8-1793-4FCC-A038-8AE15816238A}.StrongMagic|x86.ActiveCfg = Release Executable
		{5085BDC8-1793-4FCC-A038-8AE15816238A}.StrongMagic|x86.Build.0 = Release Executable
	EndGlobalSection
	GlobalSection(SolutionProperties) = preSolution
		HideSolutionNode = FALSE
	EndGlobalSection
EndGlobal
