
Microsoft Visual Studio Solution File, Format Version 12.00
# Visual Studio 14
VisualStudioVersion = 14.0.24720.0
MinimumVisualStudioVersion = 10.0.40219.1
Project("{FAE04EC0-301F-11D3-BF4B-00C04F79EFBC}") = "Terminals", "Terminals\Terminals.csproj", "{9ECB9FEF-89D1-4144-BAD4-5F3218545B2B}"
EndProject
Project("{FAE04EC0-301F-11D3-BF4B-00C04F79EFBC}") = "TabControl", "TabControl\TabControl.csproj", "{3D54DB4B-DC8A-44AA-8EE0-4EDF58CE1331}"
EndProject
Project("{FAE04EC0-301F-11D3-BF4B-00C04F79EFBC}") = "Metro", "Metro\Metro.csproj", "{4F3A4024-5A19-4F08-823A-B75D6AFE5CD8}"
EndProject
Project("{FAE04EC0-301F-11D3-BF4B-00C04F79EFBC}") = "TerminalsUpdater", "TerminalsUpdater\TerminalsUpdater.csproj", "{1809300B-6C6C-46B2-AF2F-29006FF2A30F}"
EndProject
Project("{FAE04EC0-301F-11D3-BF4B-00C04F79EFBC}") = "VncSharp", "VncSharp\VncSharp.csproj", "{E0695F0F-0FAF-44BC-AE55-A1FCBFE70271}"
EndProject
Project("{FAE04EC0-301F-11D3-BF4B-00C04F79EFBC}") = "HexEditor", "HexEditor\HexEditor.csproj", "{405E4F74-CE98-4BDC-8B78-F3293F4F7BBF}"
EndProject
Project("{FAE04EC0-301F-11D3-BF4B-00C04F79EFBC}") = "SharpPcap", "SharpPcap\SharpPcap.csproj", "{A1B25B92-DE01-4DD6-8D44-72B9A1772D3E}"
EndProject
Project("{FAE04EC0-301F-11D3-BF4B-00C04F79EFBC}") = "Granados", "Granados\Granados.csproj", "{9780D85D-2E12-4747-9E08-DEDB95A71FC3}"
EndProject
Project("{FAE04EC0-301F-11D3-BF4B-00C04F79EFBC}") = "TerminalEmulator", "TerminalEmulator\TerminalEmulator.csproj", "{933C6FDB-9617-4F19-89AF-C5D373F88479}"
EndProject
Project("{FAE04EC0-301F-11D3-BF4B-00C04F79EFBC}") = "zlib.net", "zlib.net\zlib.net.csproj", "{0C89B7A2-A218-49E4-B545-5B044A45F977}"
EndProject
Project("{FAE04EC0-301F-11D3-BF4B-00C04F79EFBC}") = "SSHClient", "SSHClient\SSHClient.csproj", "{6F218F20-AE4B-4966-A821-4BDE214B8BFF}"
EndProject
Project("{FAE04EC0-301F-11D3-BF4B-00C04F79EFBC}") = "Tests", "Tests\Tests.csproj", "{81B4C28B-5B10-4A53-B0AC-9E8F72733139}"
EndProject
Project("{2150E333-8FDC-42A3-9474-1A3956D46DE8}") = "Solution Items", "Solution Items", "{4E869002-54F7-4D67-9A35-F52D85D78B60}"
	ProjectSection(SolutionItems) = preProject
		Local.testsettings = Local.testsettings
		Terminals.vsmdi = Terminals.vsmdi
		TraceAndTestImpact.testsettings = TraceAndTestImpact.testsettings
	EndProjectSection
EndProject
Project("{2150E333-8FDC-42A3-9474-1A3956D46DE8}") = "SqlMigrations", "SqlMigrations", "{92B0C240-075E-4B86-820E-BBEC58B331DE}"
EndProject
Project("{FAE04EC0-301F-11D3-BF4B-00C04F79EFBC}") = "SqlScriptRunner", "SqlScriptRunner\SqlScriptRunner.csproj", "{54106F05-1C42-43EB-B4EE-F4B7F6CA302F}"
EndProject
Project("{FAE04EC0-301F-11D3-BF4B-00C04F79EFBC}") = "SqlScriptRunner.Tests", "SqlScriptRunner.Tests\SqlScriptRunner.Tests.csproj", "{C451F6AA-0F56-4051-968B-90EBB90C8864}"
EndProject
Project("{FAE04EC0-301F-11D3-BF4B-00C04F79EFBC}") = "BuildTasks", "BuildTasks\BuildTasks.csproj", "{1640B78A-F3C9-4420-8DE8-63D60AFF68FF}"
EndProject
Project("{2150E333-8FDC-42A3-9474-1A3956D46DE8}") = "Setup", "Setup", "{BC0E69F2-1AE0-4E09-BDC7-C3753ACEB24A}"
EndProject
Project("{2150E333-8FDC-42A3-9474-1A3956D46DE8}") = ".nuget", ".nuget", "{FD85705A-96A2-40E8-A3D0-E27A32BB4CA0}"
	ProjectSection(SolutionItems) = preProject
		.nuget\NuGet.Config = .nuget\NuGet.Config
		.nuget\NuGet.exe = .nuget\NuGet.exe
		.nuget\NuGet.targets = .nuget\NuGet.targets
	EndProjectSection
EndProject
Project("{FAE04EC0-301F-11D3-BF4B-00C04F79EFBC}") = "CustomSetupAction", "CustomSetupAction\CustomSetupAction.csproj", "{A74A4FE1-D67A-4C9D-847A-5E3708B61BA8}"
EndProject
Project("{930C7802-8A8C-48F9-8165-68863BCCD9DD}") = "TerminalsSetup", "TerminalsSetup\TerminalsSetup.wixproj", "{D775E5FD-DDD7-46AA-8BEF-CC18BA0BB702}"
EndProject
Project("{FAE04EC0-301F-11D3-BF4B-00C04F79EFBC}") = "Terminals.External", "Terminals.External\Terminals.External.csproj", "{FCD4BECA-9923-4BB0-BF57-8E8BCD0F784C}"
EndProject
Project("{FAE04EC0-301F-11D3-BF4B-00C04F79EFBC}") = "Terminals.Common", "Terminals.Common\Terminals.Common.csproj", "{1F720FD0-21A5-4BED-90F6-02CDABB8854D}"
EndProject
Project("{FAE04EC0-301F-11D3-BF4B-00C04F79EFBC}") = "Terminals.Plugins.Vnc", "Terminals.Plugins.Vnc\Terminals.Plugins.Vnc.csproj", "{123562C5-8D66-4E30-9676-D47B4C03EE7F}"
EndProject
Project("{FAE04EC0-301F-11D3-BF4B-00C04F79EFBC}") = "Terminals.Plugins.Web", "Terminals.Plugins.Web\Terminals.Plugins.Web.csproj", "{278FACE8-1579-4C13-AE59-1B24A7091CFC}"
EndProject
Project("{2150E333-8FDC-42A3-9474-1A3956D46DE8}") = "Plugins", "Plugins", "{EA7D6D9C-E79F-4103-8A4C-E0F78F1DC4D8}"
EndProject
Project("{FAE04EC0-301F-11D3-BF4B-00C04F79EFBC}") = "Terminals.Plugins.Ica", "Terminals.Plugins.Ica\Terminals.Plugins.Ica.csproj", "{BB4A4CC7-C449-4F81-8395-7806CC1BDFA8}"
EndProject
Project("{FAE04EC0-301F-11D3-BF4B-00C04F79EFBC}") = "Terminals.Plugins.Vmrc", "Terminals.Plugins.Vmrc\Terminals.Plugins.Vmrc.csproj", "{C841CCF6-4793-41B7-835E-F749E2525963}"
EndProject
Global
	GlobalSection(SolutionConfigurationPlatforms) = preSolution
		Debug|Any CPU = Debug|Any CPU
		Debug|Mixed Platforms = Debug|Mixed Platforms
		DistributionRelease|Any CPU = DistributionRelease|Any CPU
		DistributionRelease|Mixed Platforms = DistributionRelease|Mixed Platforms
		Release|Any CPU = Release|Any CPU
		Release|Mixed Platforms = Release|Mixed Platforms
	EndGlobalSection
	GlobalSection(ProjectConfigurationPlatforms) = postSolution
		{9ECB9FEF-89D1-4144-BAD4-5F3218545B2B}.Debug|Any CPU.ActiveCfg = Debug|Any CPU
		{9ECB9FEF-89D1-4144-BAD4-5F3218545B2B}.Debug|Any CPU.Build.0 = Debug|Any CPU
		{9ECB9FEF-89D1-4144-BAD4-5F3218545B2B}.Debug|Mixed Platforms.ActiveCfg = Debug|Any CPU
		{9ECB9FEF-89D1-4144-BAD4-5F3218545B2B}.Debug|Mixed Platforms.Build.0 = Debug|Any CPU
		{9ECB9FEF-89D1-4144-BAD4-5F3218545B2B}.DistributionRelease|Any CPU.ActiveCfg = Release|Any CPU
		{9ECB9FEF-89D1-4144-BAD4-5F3218545B2B}.DistributionRelease|Any CPU.Build.0 = Release|Any CPU
		{9ECB9FEF-89D1-4144-BAD4-5F3218545B2B}.DistributionRelease|Mixed Platforms.ActiveCfg = Distribution Release|Any CPU
		{9ECB9FEF-89D1-4144-BAD4-5F3218545B2B}.DistributionRelease|Mixed Platforms.Build.0 = Distribution Release|Any CPU
		{9ECB9FEF-89D1-4144-BAD4-5F3218545B2B}.Release|Any CPU.ActiveCfg = Release|Any CPU
		{9ECB9FEF-89D1-4144-BAD4-5F3218545B2B}.Release|Any CPU.Build.0 = Release|Any CPU
		{9ECB9FEF-89D1-4144-BAD4-5F3218545B2B}.Release|Mixed Platforms.ActiveCfg = Release|Any CPU
		{9ECB9FEF-89D1-4144-BAD4-5F3218545B2B}.Release|Mixed Platforms.Build.0 = Release|Any CPU
		{3D54DB4B-DC8A-44AA-8EE0-4EDF58CE1331}.Debug|Any CPU.ActiveCfg = Debug|Any CPU
		{3D54DB4B-DC8A-44AA-8EE0-4EDF58CE1331}.Debug|Any CPU.Build.0 = Debug|Any CPU
		{3D54DB4B-DC8A-44AA-8EE0-4EDF58CE1331}.Debug|Mixed Platforms.ActiveCfg = Debug|Any CPU
		{3D54DB4B-DC8A-44AA-8EE0-4EDF58CE1331}.Debug|Mixed Platforms.Build.0 = Debug|Any CPU
		{3D54DB4B-DC8A-44AA-8EE0-4EDF58CE1331}.DistributionRelease|Any CPU.ActiveCfg = Release|Any CPU
		{3D54DB4B-DC8A-44AA-8EE0-4EDF58CE1331}.DistributionRelease|Any CPU.Build.0 = Release|Any CPU
		{3D54DB4B-DC8A-44AA-8EE0-4EDF58CE1331}.DistributionRelease|Mixed Platforms.ActiveCfg = Release|Any CPU
		{3D54DB4B-DC8A-44AA-8EE0-4EDF58CE1331}.DistributionRelease|Mixed Platforms.Build.0 = Release|Any CPU
		{3D54DB4B-DC8A-44AA-8EE0-4EDF58CE1331}.Release|Any CPU.ActiveCfg = Release|Any CPU
		{3D54DB4B-DC8A-44AA-8EE0-4EDF58CE1331}.Release|Any CPU.Build.0 = Release|Any CPU
		{3D54DB4B-DC8A-44AA-8EE0-4EDF58CE1331}.Release|Mixed Platforms.ActiveCfg = Release|Any CPU
		{3D54DB4B-DC8A-44AA-8EE0-4EDF58CE1331}.Release|Mixed Platforms.Build.0 = Release|Any CPU
		{4F3A4024-5A19-4F08-823A-B75D6AFE5CD8}.Debug|Any CPU.ActiveCfg = Debug|Any CPU
		{4F3A4024-5A19-4F08-823A-B75D6AFE5CD8}.Debug|Any CPU.Build.0 = Debug|Any CPU
		{4F3A4024-5A19-4F08-823A-B75D6AFE5CD8}.Debug|Mixed Platforms.ActiveCfg = Debug|Any CPU
		{4F3A4024-5A19-4F08-823A-B75D6AFE5CD8}.Debug|Mixed Platforms.Build.0 = Debug|Any CPU
		{4F3A4024-5A19-4F08-823A-B75D6AFE5CD8}.DistributionRelease|Any CPU.ActiveCfg = Release|Any CPU
		{4F3A4024-5A19-4F08-823A-B75D6AFE5CD8}.DistributionRelease|Any CPU.Build.0 = Release|Any CPU
		{4F3A4024-5A19-4F08-823A-B75D6AFE5CD8}.DistributionRelease|Mixed Platforms.ActiveCfg = Release|Any CPU
		{4F3A4024-5A19-4F08-823A-B75D6AFE5CD8}.DistributionRelease|Mixed Platforms.Build.0 = Release|Any CPU
		{4F3A4024-5A19-4F08-823A-B75D6AFE5CD8}.Release|Any CPU.ActiveCfg = Release|Any CPU
		{4F3A4024-5A19-4F08-823A-B75D6AFE5CD8}.Release|Any CPU.Build.0 = Release|Any CPU
		{4F3A4024-5A19-4F08-823A-B75D6AFE5CD8}.Release|Mixed Platforms.ActiveCfg = Release|Any CPU
		{4F3A4024-5A19-4F08-823A-B75D6AFE5CD8}.Release|Mixed Platforms.Build.0 = Release|Any CPU
		{1809300B-6C6C-46B2-AF2F-29006FF2A30F}.Debug|Any CPU.ActiveCfg = Debug|Any CPU
		{1809300B-6C6C-46B2-AF2F-29006FF2A30F}.Debug|Any CPU.Build.0 = Debug|Any CPU
		{1809300B-6C6C-46B2-AF2F-29006FF2A30F}.Debug|Mixed Platforms.ActiveCfg = Debug|Any CPU
		{1809300B-6C6C-46B2-AF2F-29006FF2A30F}.Debug|Mixed Platforms.Build.0 = Debug|Any CPU
		{1809300B-6C6C-46B2-AF2F-29006FF2A30F}.DistributionRelease|Any CPU.ActiveCfg = Release|Any CPU
		{1809300B-6C6C-46B2-AF2F-29006FF2A30F}.DistributionRelease|Any CPU.Build.0 = Release|Any CPU
		{1809300B-6C6C-46B2-AF2F-29006FF2A30F}.DistributionRelease|Mixed Platforms.ActiveCfg = Release|Any CPU
		{1809300B-6C6C-46B2-AF2F-29006FF2A30F}.DistributionRelease|Mixed Platforms.Build.0 = Release|Any CPU
		{1809300B-6C6C-46B2-AF2F-29006FF2A30F}.Release|Any CPU.ActiveCfg = Release|Any CPU
		{1809300B-6C6C-46B2-AF2F-29006FF2A30F}.Release|Any CPU.Build.0 = Release|Any CPU
		{1809300B-6C6C-46B2-AF2F-29006FF2A30F}.Release|Mixed Platforms.ActiveCfg = Release|Any CPU
		{1809300B-6C6C-46B2-AF2F-29006FF2A30F}.Release|Mixed Platforms.Build.0 = Release|Any CPU
		{E0695F0F-0FAF-44BC-AE55-A1FCBFE70271}.Debug|Any CPU.ActiveCfg = Debug|Any CPU
		{E0695F0F-0FAF-44BC-AE55-A1FCBFE70271}.Debug|Any CPU.Build.0 = Debug|Any CPU
		{E0695F0F-0FAF-44BC-AE55-A1FCBFE70271}.Debug|Mixed Platforms.ActiveCfg = Debug|Any CPU
		{E0695F0F-0FAF-44BC-AE55-A1FCBFE70271}.Debug|Mixed Platforms.Build.0 = Debug|Any CPU
		{E0695F0F-0FAF-44BC-AE55-A1FCBFE70271}.DistributionRelease|Any CPU.ActiveCfg = Release|Any CPU
		{E0695F0F-0FAF-44BC-AE55-A1FCBFE70271}.DistributionRelease|Any CPU.Build.0 = Release|Any CPU
		{E0695F0F-0FAF-44BC-AE55-A1FCBFE70271}.DistributionRelease|Mixed Platforms.ActiveCfg = Release|Any CPU
		{E0695F0F-0FAF-44BC-AE55-A1FCBFE70271}.DistributionRelease|Mixed Platforms.Build.0 = Release|Any CPU
		{E0695F0F-0FAF-44BC-AE55-A1FCBFE70271}.Release|Any CPU.ActiveCfg = Release|Any CPU
		{E0695F0F-0FAF-44BC-AE55-A1FCBFE70271}.Release|Any CPU.Build.0 = Release|Any CPU
		{E0695F0F-0FAF-44BC-AE55-A1FCBFE70271}.Release|Mixed Platforms.ActiveCfg = Release|Any CPU
		{E0695F0F-0FAF-44BC-AE55-A1FCBFE70271}.Release|Mixed Platforms.Build.0 = Release|Any CPU
		{405E4F74-CE98-4BDC-8B78-F3293F4F7BBF}.Debug|Any CPU.ActiveCfg = Debug|Any CPU
		{405E4F74-CE98-4BDC-8B78-F3293F4F7BBF}.Debug|Any CPU.Build.0 = Debug|Any CPU
		{405E4F74-CE98-4BDC-8B78-F3293F4F7BBF}.Debug|Mixed Platforms.ActiveCfg = Debug|Any CPU
		{405E4F74-CE98-4BDC-8B78-F3293F4F7BBF}.Debug|Mixed Platforms.Build.0 = Debug|Any CPU
		{405E4F74-CE98-4BDC-8B78-F3293F4F7BBF}.DistributionRelease|Any CPU.ActiveCfg = Release|Any CPU
		{405E4F74-CE98-4BDC-8B78-F3293F4F7BBF}.DistributionRelease|Any CPU.Build.0 = Release|Any CPU
		{405E4F74-CE98-4BDC-8B78-F3293F4F7BBF}.DistributionRelease|Mixed Platforms.ActiveCfg = Release|Any CPU
		{405E4F74-CE98-4BDC-8B78-F3293F4F7BBF}.DistributionRelease|Mixed Platforms.Build.0 = Release|Any CPU
		{405E4F74-CE98-4BDC-8B78-F3293F4F7BBF}.Release|Any CPU.ActiveCfg = Release|Any CPU
		{405E4F74-CE98-4BDC-8B78-F3293F4F7BBF}.Release|Any CPU.Build.0 = Release|Any CPU
		{405E4F74-CE98-4BDC-8B78-F3293F4F7BBF}.Release|Mixed Platforms.ActiveCfg = Release|Any CPU
		{405E4F74-CE98-4BDC-8B78-F3293F4F7BBF}.Release|Mixed Platforms.Build.0 = Release|Any CPU
		{A1B25B92-DE01-4DD6-8D44-72B9A1772D3E}.Debug|Any CPU.ActiveCfg = Debug|Any CPU
		{A1B25B92-DE01-4DD6-8D44-72B9A1772D3E}.Debug|Any CPU.Build.0 = Debug|Any CPU
		{A1B25B92-DE01-4DD6-8D44-72B9A1772D3E}.Debug|Mixed Platforms.ActiveCfg = Debug|Any CPU
		{A1B25B92-DE01-4DD6-8D44-72B9A1772D3E}.Debug|Mixed Platforms.Build.0 = Debug|Any CPU
		{A1B25B92-DE01-4DD6-8D44-72B9A1772D3E}.DistributionRelease|Any CPU.ActiveCfg = Release|Any CPU
		{A1B25B92-DE01-4DD6-8D44-72B9A1772D3E}.DistributionRelease|Any CPU.Build.0 = Release|Any CPU
		{A1B25B92-DE01-4DD6-8D44-72B9A1772D3E}.DistributionRelease|Mixed Platforms.ActiveCfg = Release|Any CPU
		{A1B25B92-DE01-4DD6-8D44-72B9A1772D3E}.DistributionRelease|Mixed Platforms.Build.0 = Release|Any CPU
		{A1B25B92-DE01-4DD6-8D44-72B9A1772D3E}.Release|Any CPU.ActiveCfg = Release|Any CPU
		{A1B25B92-DE01-4DD6-8D44-72B9A1772D3E}.Release|Any CPU.Build.0 = Release|Any CPU
		{A1B25B92-DE01-4DD6-8D44-72B9A1772D3E}.Release|Mixed Platforms.ActiveCfg = Release|Any CPU
		{A1B25B92-DE01-4DD6-8D44-72B9A1772D3E}.Release|Mixed Platforms.Build.0 = Release|Any CPU
		{9780D85D-2E12-4747-9E08-DEDB95A71FC3}.Debug|Any CPU.ActiveCfg = Debug|Any CPU
		{9780D85D-2E12-4747-9E08-DEDB95A71FC3}.Debug|Any CPU.Build.0 = Debug|Any CPU
		{9780D85D-2E12-4747-9E08-DEDB95A71FC3}.Debug|Mixed Platforms.ActiveCfg = Debug|Any CPU
		{9780D85D-2E12-4747-9E08-DEDB95A71FC3}.Debug|Mixed Platforms.Build.0 = Debug|Any CPU
		{9780D85D-2E12-4747-9E08-DEDB95A71FC3}.DistributionRelease|Any CPU.ActiveCfg = Release|Any CPU
		{9780D85D-2E12-4747-9E08-DEDB95A71FC3}.DistributionRelease|Any CPU.Build.0 = Release|Any CPU
		{9780D85D-2E12-4747-9E08-DEDB95A71FC3}.DistributionRelease|Mixed Platforms.ActiveCfg = Release|Any CPU
		{9780D85D-2E12-4747-9E08-DEDB95A71FC3}.DistributionRelease|Mixed Platforms.Build.0 = Release|Any CPU
		{9780D85D-2E12-4747-9E08-DEDB95A71FC3}.Release|Any CPU.ActiveCfg = Release|Any CPU
		{9780D85D-2E12-4747-9E08-DEDB95A71FC3}.Release|Any CPU.Build.0 = Release|Any CPU
		{9780D85D-2E12-4747-9E08-DEDB95A71FC3}.Release|Mixed Platforms.ActiveCfg = Release|Any CPU
		{9780D85D-2E12-4747-9E08-DEDB95A71FC3}.Release|Mixed Platforms.Build.0 = Release|Any CPU
		{933C6FDB-9617-4F19-89AF-C5D373F88479}.Debug|Any CPU.ActiveCfg = Debug|Any CPU
		{933C6FDB-9617-4F19-89AF-C5D373F88479}.Debug|Any CPU.Build.0 = Debug|Any CPU
		{933C6FDB-9617-4F19-89AF-C5D373F88479}.Debug|Mixed Platforms.ActiveCfg = Debug|Any CPU
		{933C6FDB-9617-4F19-89AF-C5D373F88479}.Debug|Mixed Platforms.Build.0 = Debug|Any CPU
		{933C6FDB-9617-4F19-89AF-C5D373F88479}.DistributionRelease|Any CPU.ActiveCfg = Release|Any CPU
		{933C6FDB-9617-4F19-89AF-C5D373F88479}.DistributionRelease|Any CPU.Build.0 = Release|Any CPU
		{933C6FDB-9617-4F19-89AF-C5D373F88479}.DistributionRelease|Mixed Platforms.ActiveCfg = Release|Any CPU
		{933C6FDB-9617-4F19-89AF-C5D373F88479}.DistributionRelease|Mixed Platforms.Build.0 = Release|Any CPU
		{933C6FDB-9617-4F19-89AF-C5D373F88479}.Release|Any CPU.ActiveCfg = Release|Any CPU
		{933C6FDB-9617-4F19-89AF-C5D373F88479}.Release|Any CPU.Build.0 = Release|Any CPU
		{933C6FDB-9617-4F19-89AF-C5D373F88479}.Release|Mixed Platforms.ActiveCfg = Release|Any CPU
		{933C6FDB-9617-4F19-89AF-C5D373F88479}.Release|Mixed Platforms.Build.0 = Release|Any CPU
		{0C89B7A2-A218-49E4-B545-5B044A45F977}.Debug|Any CPU.ActiveCfg = Debug|Any CPU
		{0C89B7A2-A218-49E4-B545-5B044A45F977}.Debug|Any CPU.Build.0 = Debug|Any CPU
		{0C89B7A2-A218-49E4-B545-5B044A45F977}.Debug|Mixed Platforms.ActiveCfg = Debug|Any CPU
		{0C89B7A2-A218-49E4-B545-5B044A45F977}.Debug|Mixed Platforms.Build.0 = Debug|Any CPU
		{0C89B7A2-A218-49E4-B545-5B044A45F977}.DistributionRelease|Any CPU.ActiveCfg = Release|Any CPU
		{0C89B7A2-A218-49E4-B545-5B044A45F977}.DistributionRelease|Any CPU.Build.0 = Release|Any CPU
		{0C89B7A2-A218-49E4-B545-5B044A45F977}.DistributionRelease|Mixed Platforms.ActiveCfg = Release|Any CPU
		{0C89B7A2-A218-49E4-B545-5B044A45F977}.DistributionRelease|Mixed Platforms.Build.0 = Release|Any CPU
		{0C89B7A2-A218-49E4-B545-5B044A45F977}.Release|Any CPU.ActiveCfg = Release|Any CPU
		{0C89B7A2-A218-49E4-B545-5B044A45F977}.Release|Any CPU.Build.0 = Release|Any CPU
		{0C89B7A2-A218-49E4-B545-5B044A45F977}.Release|Mixed Platforms.ActiveCfg = Release|Any CPU
		{0C89B7A2-A218-49E4-B545-5B044A45F977}.Release|Mixed Platforms.Build.0 = Release|Any CPU
		{6F218F20-AE4B-4966-A821-4BDE214B8BFF}.Debug|Any CPU.ActiveCfg = Debug|Any CPU
		{6F218F20-AE4B-4966-A821-4BDE214B8BFF}.Debug|Any CPU.Build.0 = Debug|Any CPU
		{6F218F20-AE4B-4966-A821-4BDE214B8BFF}.Debug|Mixed Platforms.ActiveCfg = Debug|Any CPU
		{6F218F20-AE4B-4966-A821-4BDE214B8BFF}.Debug|Mixed Platforms.Build.0 = Debug|Any CPU
		{6F218F20-AE4B-4966-A821-4BDE214B8BFF}.DistributionRelease|Any CPU.ActiveCfg = Release|Any CPU
		{6F218F20-AE4B-4966-A821-4BDE214B8BFF}.DistributionRelease|Any CPU.Build.0 = Release|Any CPU
		{6F218F20-AE4B-4966-A821-4BDE214B8BFF}.DistributionRelease|Mixed Platforms.ActiveCfg = Release|Any CPU
		{6F218F20-AE4B-4966-A821-4BDE214B8BFF}.DistributionRelease|Mixed Platforms.Build.0 = Release|Any CPU
		{6F218F20-AE4B-4966-A821-4BDE214B8BFF}.Release|Any CPU.ActiveCfg = Release|Any CPU
		{6F218F20-AE4B-4966-A821-4BDE214B8BFF}.Release|Any CPU.Build.0 = Release|Any CPU
		{6F218F20-AE4B-4966-A821-4BDE214B8BFF}.Release|Mixed Platforms.ActiveCfg = Release|Any CPU
		{6F218F20-AE4B-4966-A821-4BDE214B8BFF}.Release|Mixed Platforms.Build.0 = Release|Any CPU
		{81B4C28B-5B10-4A53-B0AC-9E8F72733139}.Debug|Any CPU.ActiveCfg = Debug|Any CPU
		{81B4C28B-5B10-4A53-B0AC-9E8F72733139}.Debug|Any CPU.Build.0 = Debug|Any CPU
		{81B4C28B-5B10-4A53-B0AC-9E8F72733139}.Debug|Mixed Platforms.ActiveCfg = Debug|Any CPU
		{81B4C28B-5B10-4A53-B0AC-9E8F72733139}.Debug|Mixed Platforms.Build.0 = Debug|Any CPU
		{81B4C28B-5B10-4A53-B0AC-9E8F72733139}.DistributionRelease|Any CPU.ActiveCfg = Release|Any CPU
		{81B4C28B-5B10-4A53-B0AC-9E8F72733139}.DistributionRelease|Any CPU.Build.0 = Release|Any CPU
		{81B4C28B-5B10-4A53-B0AC-9E8F72733139}.DistributionRelease|Mixed Platforms.ActiveCfg = Release|Any CPU
		{81B4C28B-5B10-4A53-B0AC-9E8F72733139}.DistributionRelease|Mixed Platforms.Build.0 = Release|Any CPU
		{81B4C28B-5B10-4A53-B0AC-9E8F72733139}.Release|Any CPU.ActiveCfg = Release|Any CPU
		{81B4C28B-5B10-4A53-B0AC-9E8F72733139}.Release|Any CPU.Build.0 = Release|Any CPU
		{81B4C28B-5B10-4A53-B0AC-9E8F72733139}.Release|Mixed Platforms.ActiveCfg = Release|Any CPU
		{81B4C28B-5B10-4A53-B0AC-9E8F72733139}.Release|Mixed Platforms.Build.0 = Release|Any CPU
		{54106F05-1C42-43EB-B4EE-F4B7F6CA302F}.Debug|Any CPU.ActiveCfg = Debug|Any CPU
		{54106F05-1C42-43EB-B4EE-F4B7F6CA302F}.Debug|Any CPU.Build.0 = Debug|Any CPU
		{54106F05-1C42-43EB-B4EE-F4B7F6CA302F}.Debug|Mixed Platforms.ActiveCfg = Debug|Any CPU
		{54106F05-1C42-43EB-B4EE-F4B7F6CA302F}.Debug|Mixed Platforms.Build.0 = Debug|Any CPU
		{54106F05-1C42-43EB-B4EE-F4B7F6CA302F}.DistributionRelease|Any CPU.ActiveCfg = Release|Any CPU
		{54106F05-1C42-43EB-B4EE-F4B7F6CA302F}.DistributionRelease|Any CPU.Build.0 = Release|Any CPU
		{54106F05-1C42-43EB-B4EE-F4B7F6CA302F}.DistributionRelease|Mixed Platforms.ActiveCfg = Release|Any CPU
		{54106F05-1C42-43EB-B4EE-F4B7F6CA302F}.DistributionRelease|Mixed Platforms.Build.0 = Release|Any CPU
		{54106F05-1C42-43EB-B4EE-F4B7F6CA302F}.Release|Any CPU.ActiveCfg = Release|Any CPU
		{54106F05-1C42-43EB-B4EE-F4B7F6CA302F}.Release|Any CPU.Build.0 = Release|Any CPU
		{54106F05-1C42-43EB-B4EE-F4B7F6CA302F}.Release|Mixed Platforms.ActiveCfg = Release|Any CPU
		{54106F05-1C42-43EB-B4EE-F4B7F6CA302F}.Release|Mixed Platforms.Build.0 = Release|Any CPU
		{C451F6AA-0F56-4051-968B-90EBB90C8864}.Debug|Any CPU.ActiveCfg = Debug|Any CPU
		{C451F6AA-0F56-4051-968B-90EBB90C8864}.Debug|Any CPU.Build.0 = Debug|Any CPU
		{C451F6AA-0F56-4051-968B-90EBB90C8864}.Debug|Mixed Platforms.ActiveCfg = Debug|Any CPU
		{C451F6AA-0F56-4051-968B-90EBB90C8864}.Debug|Mixed Platforms.Build.0 = Debug|Any CPU
		{C451F6AA-0F56-4051-968B-90EBB90C8864}.DistributionRelease|Any CPU.ActiveCfg = Release|Any CPU
		{C451F6AA-0F56-4051-968B-90EBB90C8864}.DistributionRelease|Any CPU.Build.0 = Release|Any CPU
		{C451F6AA-0F56-4051-968B-90EBB90C8864}.DistributionRelease|Mixed Platforms.ActiveCfg = Release|Any CPU
		{C451F6AA-0F56-4051-968B-90EBB90C8864}.DistributionRelease|Mixed Platforms.Build.0 = Release|Any CPU
		{C451F6AA-0F56-4051-968B-90EBB90C8864}.Release|Any CPU.ActiveCfg = Release|Any CPU
		{C451F6AA-0F56-4051-968B-90EBB90C8864}.Release|Any CPU.Build.0 = Release|Any CPU
		{C451F6AA-0F56-4051-968B-90EBB90C8864}.Release|Mixed Platforms.ActiveCfg = Release|Any CPU
		{C451F6AA-0F56-4051-968B-90EBB90C8864}.Release|Mixed Platforms.Build.0 = Release|Any CPU
		{1640B78A-F3C9-4420-8DE8-63D60AFF68FF}.Debug|Any CPU.ActiveCfg = Debug|Any CPU
		{1640B78A-F3C9-4420-8DE8-63D60AFF68FF}.Debug|Any CPU.Build.0 = Debug|Any CPU
		{1640B78A-F3C9-4420-8DE8-63D60AFF68FF}.Debug|Mixed Platforms.ActiveCfg = Debug|Any CPU
		{1640B78A-F3C9-4420-8DE8-63D60AFF68FF}.Debug|Mixed Platforms.Build.0 = Debug|Any CPU
		{1640B78A-F3C9-4420-8DE8-63D60AFF68FF}.DistributionRelease|Any CPU.ActiveCfg = Release|Any CPU
		{1640B78A-F3C9-4420-8DE8-63D60AFF68FF}.DistributionRelease|Any CPU.Build.0 = Release|Any CPU
		{1640B78A-F3C9-4420-8DE8-63D60AFF68FF}.DistributionRelease|Mixed Platforms.ActiveCfg = Release|Any CPU
		{1640B78A-F3C9-4420-8DE8-63D60AFF68FF}.DistributionRelease|Mixed Platforms.Build.0 = Release|Any CPU
		{1640B78A-F3C9-4420-8DE8-63D60AFF68FF}.Release|Any CPU.ActiveCfg = Release|Any CPU
		{1640B78A-F3C9-4420-8DE8-63D60AFF68FF}.Release|Any CPU.Build.0 = Release|Any CPU
		{1640B78A-F3C9-4420-8DE8-63D60AFF68FF}.Release|Mixed Platforms.ActiveCfg = Release|Any CPU
		{1640B78A-F3C9-4420-8DE8-63D60AFF68FF}.Release|Mixed Platforms.Build.0 = Release|Any CPU
		{A74A4FE1-D67A-4C9D-847A-5E3708B61BA8}.Debug|Any CPU.ActiveCfg = Debug|x86
		{A74A4FE1-D67A-4C9D-847A-5E3708B61BA8}.Debug|Mixed Platforms.ActiveCfg = Debug|x86
		{A74A4FE1-D67A-4C9D-847A-5E3708B61BA8}.DistributionRelease|Any CPU.ActiveCfg = Release|x86
		{A74A4FE1-D67A-4C9D-847A-5E3708B61BA8}.DistributionRelease|Any CPU.Build.0 = Release|x86
		{A74A4FE1-D67A-4C9D-847A-5E3708B61BA8}.DistributionRelease|Mixed Platforms.ActiveCfg = Release|x86
		{A74A4FE1-D67A-4C9D-847A-5E3708B61BA8}.DistributionRelease|Mixed Platforms.Build.0 = Release|x86
		{A74A4FE1-D67A-4C9D-847A-5E3708B61BA8}.Release|Any CPU.ActiveCfg = Release|x86
		{A74A4FE1-D67A-4C9D-847A-5E3708B61BA8}.Release|Mixed Platforms.ActiveCfg = Release|x86
		{D775E5FD-DDD7-46AA-8BEF-CC18BA0BB702}.Debug|Any CPU.ActiveCfg = Debug|x86
		{D775E5FD-DDD7-46AA-8BEF-CC18BA0BB702}.Debug|Mixed Platforms.ActiveCfg = Debug|x86
		{D775E5FD-DDD7-46AA-8BEF-CC18BA0BB702}.DistributionRelease|Any CPU.ActiveCfg = Release|x86
		{D775E5FD-DDD7-46AA-8BEF-CC18BA0BB702}.DistributionRelease|Any CPU.Build.0 = Release|x86
		{D775E5FD-DDD7-46AA-8BEF-CC18BA0BB702}.DistributionRelease|Mixed Platforms.ActiveCfg = Release|x86
		{D775E5FD-DDD7-46AA-8BEF-CC18BA0BB702}.DistributionRelease|Mixed Platforms.Build.0 = Release|x86
		{D775E5FD-DDD7-46AA-8BEF-CC18BA0BB702}.Release|Any CPU.ActiveCfg = Release|x86
		{D775E5FD-DDD7-46AA-8BEF-CC18BA0BB702}.Release|Mixed Platforms.ActiveCfg = Release|x86
		{FCD4BECA-9923-4BB0-BF57-8E8BCD0F784C}.Debug|Any CPU.ActiveCfg = Debug|Any CPU
		{FCD4BECA-9923-4BB0-BF57-8E8BCD0F784C}.Debug|Any CPU.Build.0 = Debug|Any CPU
		{FCD4BECA-9923-4BB0-BF57-8E8BCD0F784C}.Debug|Mixed Platforms.ActiveCfg = Debug|Any CPU
		{FCD4BECA-9923-4BB0-BF57-8E8BCD0F784C}.Debug|Mixed Platforms.Build.0 = Debug|Any CPU
		{FCD4BECA-9923-4BB0-BF57-8E8BCD0F784C}.DistributionRelease|Any CPU.ActiveCfg = Release|Any CPU
		{FCD4BECA-9923-4BB0-BF57-8E8BCD0F784C}.DistributionRelease|Any CPU.Build.0 = Release|Any CPU
		{FCD4BECA-9923-4BB0-BF57-8E8BCD0F784C}.DistributionRelease|Mixed Platforms.ActiveCfg = Release|Any CPU
		{FCD4BECA-9923-4BB0-BF57-8E8BCD0F784C}.DistributionRelease|Mixed Platforms.Build.0 = Release|Any CPU
		{FCD4BECA-9923-4BB0-BF57-8E8BCD0F784C}.Release|Any CPU.ActiveCfg = Release|Any CPU
		{FCD4BECA-9923-4BB0-BF57-8E8BCD0F784C}.Release|Any CPU.Build.0 = Release|Any CPU
		{FCD4BECA-9923-4BB0-BF57-8E8BCD0F784C}.Release|Mixed Platforms.ActiveCfg = Release|Any CPU
		{FCD4BECA-9923-4BB0-BF57-8E8BCD0F784C}.Release|Mixed Platforms.Build.0 = Release|Any CPU
		{1F720FD0-21A5-4BED-90F6-02CDABB8854D}.Debug|Any CPU.ActiveCfg = Debug|Any CPU
		{1F720FD0-21A5-4BED-90F6-02CDABB8854D}.Debug|Any CPU.Build.0 = Debug|Any CPU
		{1F720FD0-21A5-4BED-90F6-02CDABB8854D}.Debug|Mixed Platforms.ActiveCfg = Debug|Any CPU
		{1F720FD0-21A5-4BED-90F6-02CDABB8854D}.Debug|Mixed Platforms.Build.0 = Debug|Any CPU
		{1F720FD0-21A5-4BED-90F6-02CDABB8854D}.DistributionRelease|Any CPU.ActiveCfg = Release|Any CPU
		{1F720FD0-21A5-4BED-90F6-02CDABB8854D}.DistributionRelease|Any CPU.Build.0 = Release|Any CPU
		{1F720FD0-21A5-4BED-90F6-02CDABB8854D}.DistributionRelease|Mixed Platforms.ActiveCfg = Release|Any CPU
		{1F720FD0-21A5-4BED-90F6-02CDABB8854D}.DistributionRelease|Mixed Platforms.Build.0 = Release|Any CPU
		{1F720FD0-21A5-4BED-90F6-02CDABB8854D}.Release|Any CPU.ActiveCfg = Release|Any CPU
		{1F720FD0-21A5-4BED-90F6-02CDABB8854D}.Release|Any CPU.Build.0 = Release|Any CPU
		{1F720FD0-21A5-4BED-90F6-02CDABB8854D}.Release|Mixed Platforms.ActiveCfg = Release|Any CPU
		{1F720FD0-21A5-4BED-90F6-02CDABB8854D}.Release|Mixed Platforms.Build.0 = Release|Any CPU
		{123562C5-8D66-4E30-9676-D47B4C03EE7F}.Debug|Any CPU.ActiveCfg = Debug|Any CPU
		{123562C5-8D66-4E30-9676-D47B4C03EE7F}.Debug|Any CPU.Build.0 = Debug|Any CPU
		{123562C5-8D66-4E30-9676-D47B4C03EE7F}.Debug|Mixed Platforms.ActiveCfg = Debug|Any CPU
		{123562C5-8D66-4E30-9676-D47B4C03EE7F}.Debug|Mixed Platforms.Build.0 = Debug|Any CPU
		{123562C5-8D66-4E30-9676-D47B4C03EE7F}.DistributionRelease|Any CPU.ActiveCfg = Release|Any CPU
		{123562C5-8D66-4E30-9676-D47B4C03EE7F}.DistributionRelease|Any CPU.Build.0 = Release|Any CPU
		{123562C5-8D66-4E30-9676-D47B4C03EE7F}.DistributionRelease|Mixed Platforms.ActiveCfg = Release|Any CPU
		{123562C5-8D66-4E30-9676-D47B4C03EE7F}.DistributionRelease|Mixed Platforms.Build.0 = Release|Any CPU
		{123562C5-8D66-4E30-9676-D47B4C03EE7F}.Release|Any CPU.ActiveCfg = Release|Any CPU
		{123562C5-8D66-4E30-9676-D47B4C03EE7F}.Release|Any CPU.Build.0 = Release|Any CPU
		{123562C5-8D66-4E30-9676-D47B4C03EE7F}.Release|Mixed Platforms.ActiveCfg = Release|Any CPU
		{123562C5-8D66-4E30-9676-D47B4C03EE7F}.Release|Mixed Platforms.Build.0 = Release|Any CPU
		{278FACE8-1579-4C13-AE59-1B24A7091CFC}.Debug|Any CPU.ActiveCfg = Debug|Any CPU
		{278FACE8-1579-4C13-AE59-1B24A7091CFC}.Debug|Any CPU.Build.0 = Debug|Any CPU
		{278FACE8-1579-4C13-AE59-1B24A7091CFC}.Debug|Mixed Platforms.ActiveCfg = Debug|Any CPU
		{278FACE8-1579-4C13-AE59-1B24A7091CFC}.Debug|Mixed Platforms.Build.0 = Debug|Any CPU
		{278FACE8-1579-4C13-AE59-1B24A7091CFC}.DistributionRelease|Any CPU.ActiveCfg = Release|Any CPU
		{278FACE8-1579-4C13-AE59-1B24A7091CFC}.DistributionRelease|Any CPU.Build.0 = Release|Any CPU
		{278FACE8-1579-4C13-AE59-1B24A7091CFC}.DistributionRelease|Mixed Platforms.ActiveCfg = Release|Any CPU
		{278FACE8-1579-4C13-AE59-1B24A7091CFC}.DistributionRelease|Mixed Platforms.Build.0 = Release|Any CPU
		{278FACE8-1579-4C13-AE59-1B24A7091CFC}.Release|Any CPU.ActiveCfg = Release|Any CPU
		{278FACE8-1579-4C13-AE59-1B24A7091CFC}.Release|Any CPU.Build.0 = Release|Any CPU
		{278FACE8-1579-4C13-AE59-1B24A7091CFC}.Release|Mixed Platforms.ActiveCfg = Release|Any CPU
		{278FACE8-1579-4C13-AE59-1B24A7091CFC}.Release|Mixed Platforms.Build.0 = Release|Any CPU
		{BB4A4CC7-C449-4F81-8395-7806CC1BDFA8}.Debug|Any CPU.ActiveCfg = Debug|Any CPU
		{BB4A4CC7-C449-4F81-8395-7806CC1BDFA8}.Debug|Any CPU.Build.0 = Debug|Any CPU
		{BB4A4CC7-C449-4F81-8395-7806CC1BDFA8}.Debug|Mixed Platforms.ActiveCfg = Debug|Any CPU
		{BB4A4CC7-C449-4F81-8395-7806CC1BDFA8}.Debug|Mixed Platforms.Build.0 = Debug|Any CPU
		{BB4A4CC7-C449-4F81-8395-7806CC1BDFA8}.DistributionRelease|Any CPU.ActiveCfg = Release|Any CPU
		{BB4A4CC7-C449-4F81-8395-7806CC1BDFA8}.DistributionRelease|Any CPU.Build.0 = Release|Any CPU
		{BB4A4CC7-C449-4F81-8395-7806CC1BDFA8}.DistributionRelease|Mixed Platforms.ActiveCfg = Release|Any CPU
		{BB4A4CC7-C449-4F81-8395-7806CC1BDFA8}.DistributionRelease|Mixed Platforms.Build.0 = Release|Any CPU
		{BB4A4CC7-C449-4F81-8395-7806CC1BDFA8}.Release|Any CPU.ActiveCfg = Release|Any CPU
		{BB4A4CC7-C449-4F81-8395-7806CC1BDFA8}.Release|Any CPU.Build.0 = Release|Any CPU
		{BB4A4CC7-C449-4F81-8395-7806CC1BDFA8}.Release|Mixed Platforms.ActiveCfg = Release|Any CPU
		{BB4A4CC7-C449-4F81-8395-7806CC1BDFA8}.Release|Mixed Platforms.Build.0 = Release|Any CPU
		{C841CCF6-4793-41B7-835E-F749E2525963}.Debug|Any CPU.ActiveCfg = Debug|Any CPU
		{C841CCF6-4793-41B7-835E-F749E2525963}.Debug|Any CPU.Build.0 = Debug|Any CPU
		{C841CCF6-4793-41B7-835E-F749E2525963}.Debug|Mixed Platforms.ActiveCfg = Debug|Any CPU
		{C841CCF6-4793-41B7-835E-F749E2525963}.Debug|Mixed Platforms.Build.0 = Debug|Any CPU
		{C841CCF6-4793-41B7-835E-F749E2525963}.DistributionRelease|Any CPU.ActiveCfg = Release|Any CPU
		{C841CCF6-4793-41B7-835E-F749E2525963}.DistributionRelease|Any CPU.Build.0 = Release|Any CPU
		{C841CCF6-4793-41B7-835E-F749E2525963}.DistributionRelease|Mixed Platforms.ActiveCfg = Release|Any CPU
		{C841CCF6-4793-41B7-835E-F749E2525963}.DistributionRelease|Mixed Platforms.Build.0 = Release|Any CPU
		{C841CCF6-4793-41B7-835E-F749E2525963}.Release|Any CPU.ActiveCfg = Release|Any CPU
		{C841CCF6-4793-41B7-835E-F749E2525963}.Release|Any CPU.Build.0 = Release|Any CPU
		{C841CCF6-4793-41B7-835E-F749E2525963}.Release|Mixed Platforms.ActiveCfg = Release|Any CPU
		{C841CCF6-4793-41B7-835E-F749E2525963}.Release|Mixed Platforms.Build.0 = Release|Any CPU
	EndGlobalSection
	GlobalSection(SolutionProperties) = preSolution
		HideSolutionNode = FALSE
	EndGlobalSection
	GlobalSection(NestedProjects) = preSolution
		{54106F05-1C42-43EB-B4EE-F4B7F6CA302F} = {92B0C240-075E-4B86-820E-BBEC58B331DE}
		{C451F6AA-0F56-4051-968B-90EBB90C8864} = {92B0C240-075E-4B86-820E-BBEC58B331DE}
		{1640B78A-F3C9-4420-8DE8-63D60AFF68FF} = {92B0C240-075E-4B86-820E-BBEC58B331DE}
		{A74A4FE1-D67A-4C9D-847A-5E3708B61BA8} = {BC0E69F2-1AE0-4E09-BDC7-C3753ACEB24A}
		{D775E5FD-DDD7-46AA-8BEF-CC18BA0BB702} = {BC0E69F2-1AE0-4E09-BDC7-C3753ACEB24A}
		{123562C5-8D66-4E30-9676-D47B4C03EE7F} = {EA7D6D9C-E79F-4103-8A4C-E0F78F1DC4D8}
		{278FACE8-1579-4C13-AE59-1B24A7091CFC} = {EA7D6D9C-E79F-4103-8A4C-E0F78F1DC4D8}
		{BB4A4CC7-C449-4F81-8395-7806CC1BDFA8} = {EA7D6D9C-E79F-4103-8A4C-E0F78F1DC4D8}
		{C841CCF6-4793-41B7-835E-F749E2525963} = {EA7D6D9C-E79F-4103-8A4C-E0F78F1DC4D8}
	EndGlobalSection
	GlobalSection(TeamFoundationVersionControl) = preSolution
		SccNumberOfProjects = 24
		SccEnterpriseProvider = {4CA58AB2-18FA-4F8D-95D4-32DDF27D184C}
		SccTeamFoundationServer = https://tfs.codeplex.com/tfs/tfs01
		SccLocalPath0 = .
		SccProjectUniqueName1 = Terminals\\Terminals.csproj
		SccProjectName1 = Terminals
		SccAuxPath1 = https://tfs.codeplex.com/tfs/TFS01
		SccLocalPath1 = Terminals
		SccProjectUniqueName2 = TabControl\\TabControl.csproj
		SccProjectName2 = TabControl
		SccAuxPath2 = https://tfs.codeplex.com/tfs/TFS01
		SccLocalPath2 = TabControl
		SccProjectUniqueName3 = Metro\\Metro.csproj
		SccProjectName3 = Metro
		SccLocalPath3 = Metro
		SccProjectUniqueName4 = TerminalsUpdater\\TerminalsUpdater.csproj
		SccProjectName4 = TerminalsUpdater
		SccLocalPath4 = TerminalsUpdater
		SccProjectUniqueName5 = VncSharp\\VncSharp.csproj
		SccProjectName5 = VncSharp
		SccAuxPath5 = https://tfs.codeplex.com/tfs/TFS01
		SccLocalPath5 = VncSharp
		SccProjectUniqueName6 = HexEditor\\HexEditor.csproj
		SccProjectName6 = HexEditor
		SccLocalPath6 = HexEditor
		SccProjectUniqueName7 = SharpPcap\\SharpPcap.csproj
		SccProjectName7 = SharpPcap
		SccLocalPath7 = SharpPcap
		SccProjectUniqueName8 = Granados\\Granados.csproj
		SccProjectName8 = Granados
		SccLocalPath8 = Granados
		SccProjectUniqueName9 = TerminalEmulator\\TerminalEmulator.csproj
		SccProjectName9 = TerminalEmulator
		SccLocalPath9 = TerminalEmulator
		SccProjectUniqueName10 = zlib.net\\zlib.net.csproj
		SccProjectName10 = zlib.net
		SccLocalPath10 = zlib.net
		SccProjectUniqueName11 = SSHClient\\SSHClient.csproj
		SccProjectName11 = SSHClient
		SccLocalPath11 = SSHClient
		SccProjectUniqueName12 = Tests\\Tests.csproj
		SccProjectName12 = Tests
		SccLocalPath12 = Tests
		SccProjectUniqueName13 = SqlScriptRunner\\SqlScriptRunner.csproj
		SccProjectTopLevelParentUniqueName13 = Terminals.sln
		SccProjectName13 = SqlScriptRunner
		SccLocalPath13 = SqlScriptRunner
		SccProjectUniqueName14 = SqlScriptRunner.Tests\\SqlScriptRunner.Tests.csproj
		SccProjectTopLevelParentUniqueName14 = Terminals.sln
		SccProjectName14 = SqlScriptRunner.Tests
		SccLocalPath14 = SqlScriptRunner.Tests
		SccProjectUniqueName15 = BuildTasks\\BuildTasks.csproj
		SccProjectTopLevelParentUniqueName15 = Terminals.sln
		SccProjectName15 = BuildTasks
		SccLocalPath15 = BuildTasks
		SccProjectUniqueName16 = CustomSetupAction\\CustomSetupAction.csproj
		SccProjectTopLevelParentUniqueName16 = Terminals.sln
		SccProjectName16 = CustomSetupAction
		SccLocalPath16 = CustomSetupAction
		SccProjectUniqueName17 = TerminalsSetup\\TerminalsSetup.wixproj
		SccProjectTopLevelParentUniqueName17 = Terminals.sln
		SccProjectName17 = TerminalsSetup
		SccLocalPath17 = TerminalsSetup
		SccProjectUniqueName18 = Terminals.External\\Terminals.External.csproj
		SccProjectName18 = Terminals.External
		SccLocalPath18 = Terminals.External
		SccProjectUniqueName19 = Terminals.Common\\Terminals.Common.csproj
		SccProjectName19 = Terminals.Common
		SccLocalPath19 = Terminals.Common
		SccProjectUniqueName20 = Terminals.Plugins.Vnc\\Terminals.Plugins.Vnc.csproj
		SccProjectTopLevelParentUniqueName20 = Terminals.sln
		SccProjectName20 = Terminals.Plugins.Vnc
		SccLocalPath20 = Terminals.Plugins.Vnc
		SccProjectUniqueName21 = Terminals.Plugins.Web\\Terminals.Plugins.Web.csproj
		SccProjectTopLevelParentUniqueName21 = Terminals.sln
		SccProjectName21 = Terminals.Plugins.Web
		SccLocalPath21 = Terminals.Plugins.Web
		SccProjectUniqueName22 = Terminals.Plugins.Ica\\Terminals.Plugins.Ica.csproj
		SccProjectTopLevelParentUniqueName22 = Terminals.sln
		SccProjectName22 = Terminals.Plugins.Ica
		SccLocalPath22 = Terminals.Plugins.Ica
		SccProjectUniqueName23 = Terminals.Plugins.Vmrc\\Terminals.Plugins.Vmrc.csproj
		SccProjectTopLevelParentUniqueName23 = Terminals.sln
		SccProjectName23 = Terminals.Plugins.Vmrc
		SccLocalPath23 = Terminals.Plugins.Vmrc
	EndGlobalSection
	GlobalSection(TestCaseManagementSettings) = postSolution
		CategoryFile = Terminals.vsmdi
	EndGlobalSection
EndGlobal
