
Microsoft Visual Studio Solution File, Format Version 11.00
# Visual Studio 2010
Project("{FAE04EC0-301F-11D3-BF4B-00C04F79EFBC}") = "Terminals", "Terminals\Terminals.csproj", "{9ECB9FEF-89D1-4144-BAD4-5F3218545B2B}"
EndProject
Project("{FAE04EC0-301F-11D3-BF4B-00C04F79EFBC}") = "TabControl", "TabControl\TabControl.csproj", "{3D54DB4B-DC8A-44AA-8EE0-4EDF58CE1331}"
EndProject
Project("{FAE04EC0-301F-11D3-BF4B-00C04F79EFBC}") = "Metro", "Metro\Metro.csproj", "{4F3A4024-5A19-4F08-823A-B75D6AFE5CD8}"
EndProject
Project("{FAE04EC0-301F-11D3-BF4B-00C04F79EFBC}") = "TerminalsUpdater", "TerminalsUpdater\TerminalsUpdater.csproj", "{1809300B-6C6C-46B2-AF2F-29006FF2A30F}"
EndProject
Project("{FAE04EC0-301F-11D3-BF4B-00C04F79EFBC}") = "VncSharp", "VncSharp\VncSharp.csproj", "{E0695F0F-0FAF-44BC-AE55-A1FCBFE70271}"
EndProject
Project("{FAE04EC0-301F-11D3-BF4B-00C04F79EFBC}") = "HexEditor", "HexEditor\HexEditor.csproj", "{405E4F74-CE98-4BDC-8B78-F3293F4F7BBF}"
EndProject
Project("{FAE04EC0-301F-11D3-BF4B-00C04F79EFBC}") = "SharpPcap", "SharpPcap\SharpPcap.csproj", "{A1B25B92-DE01-4DD6-8D44-72B9A1772D3E}"
EndProject
Project("{FAE04EC0-301F-11D3-BF4B-00C04F79EFBC}") = "Granados", "Granados\Granados.csproj", "{9780D85D-2E12-4747-9E08-DEDB95A71FC3}"
EndProject
Project("{FAE04EC0-301F-11D3-BF4B-00C04F79EFBC}") = "TerminalEmulator", "TerminalEmulator\TerminalEmulator.csproj", "{933C6FDB-9617-4F19-89AF-C5D373F88479}"
EndProject
Project("{FAE04EC0-301F-11D3-BF4B-00C04F79EFBC}") = "zlib.net", "zlib.net\zlib.net.csproj", "{0C89B7A2-A218-49E4-B545-5B044A45F977}"
EndProject
Project("{FAE04EC0-301F-11D3-BF4B-00C04F79EFBC}") = "SSHClient", "SSHClient\SSHClient.csproj", "{6F218F20-AE4B-4966-A821-4BDE214B8BFF}"
EndProject
Project("{54435603-DBB4-11D2-8724-00A0C9A8B90C}") = "SetupTerminals", "SetupTerminals\SetupTerminals.vdproj", "{5085BDC8-1793-4FCC-A038-8AE15816238A}"
EndProject
Project("{FAE04EC0-301F-11D3-BF4B-00C04F79EFBC}") = "CustomInstaller", "CustomInstaller\CustomInstaller.csproj", "{0E32FC99-79E4-4C16-827F-232222C494AC}"
EndProject
Project("{FAE04EC0-301F-11D3-BF4B-00C04F79EFBC}") = "Tests", "Tests\Tests.csproj", "{81B4C28B-5B10-4A53-B0AC-9E8F72733139}"
EndProject
Project("{2150E333-8FDC-42A3-9474-1A3956D46DE8}") = "Solution Items", "Solution Items", "{4E869002-54F7-4D67-9A35-F52D85D78B60}"
	ProjectSection(SolutionItems) = preProject
		Local.testsettings = Local.testsettings
		Terminals.vsmdi = Terminals.vsmdi
		TraceAndTestImpact.testsettings = TraceAndTestImpact.testsettings
	EndProjectSection
EndProject
Project("{2150E333-8FDC-42A3-9474-1A3956D46DE8}") = "SqlMigrations", "SqlMigrations", "{92B0C240-075E-4B86-820E-BBEC58B331DE}"
EndProject
Project("{FAE04EC0-301F-11D3-BF4B-00C04F79EFBC}") = "SqlScriptRunner", "SqlScriptRunner\SqlScriptRunner.csproj", "{54106F05-1C42-43EB-B4EE-F4B7F6CA302F}"
EndProject
Project("{FAE04EC0-301F-11D3-BF4B-00C04F79EFBC}") = "SqlScriptRunner.Tests", "SqlScriptRunner.Tests\SqlScriptRunner.Tests.csproj", "{C451F6AA-0F56-4051-968B-90EBB90C8864}"
EndProject
Project("{FAE04EC0-301F-11D3-BF4B-00C04F79EFBC}") = "BuildTasks", "BuildTasks\BuildTasks.csproj", "{1640B78A-F3C9-4420-8DE8-63D60AFF68FF}"
EndProject
Project("{2150E333-8FDC-42A3-9474-1A3956D46DE8}") = "Setup", "Setup", "{BC0E69F2-1AE0-4E09-BDC7-C3753ACEB24A}"
EndProject
Project("{2150E333-8FDC-42A3-9474-1A3956D46DE8}") = ".nuget", ".nuget", "{FD85705A-96A2-40E8-A3D0-E27A32BB4CA0}"
	ProjectSection(SolutionItems) = preProject
		.nuget\NuGet.Config = .nuget\NuGet.Config
		.nuget\NuGet.exe = .nuget\NuGet.exe
		.nuget\NuGet.targets = .nuget\NuGet.targets
	EndProjectSection
EndProject
Global
	GlobalSection(TeamFoundationVersionControl) = preSolution
		SccNumberOfProjects = 18
		SccEnterpriseProvider = {4CA58AB2-18FA-4F8D-95D4-32DDF27D184C}
		SccTeamFoundationServer = https://tfs.codeplex.com/tfs/tfs01
		SccLocalPath0 = .
		SccProjectUniqueName1 = Terminals\\Terminals.csproj
		SccProjectName1 = Terminals
		SccAuxPath1 = https://tfs.codeplex.com/tfs/TFS01
		SccLocalPath1 = Terminals
		SccProjectUniqueName2 = TabControl\\TabControl.csproj
		SccProjectName2 = TabControl
		SccAuxPath2 = https://tfs.codeplex.com/tfs/TFS01
		SccLocalPath2 = TabControl
		SccProjectUniqueName3 = Metro\\Metro.csproj
		SccProjectName3 = Metro
		SccLocalPath3 = Metro
		SccProjectUniqueName4 = TerminalsUpdater\\TerminalsUpdater.csproj
		SccProjectName4 = TerminalsUpdater
		SccLocalPath4 = TerminalsUpdater
		SccProjectUniqueName5 = VncSharp\\VncSharp.csproj
		SccProjectName5 = VncSharp
		SccAuxPath5 = https://tfs.codeplex.com/tfs/TFS01
		SccLocalPath5 = VncSharp
		SccProjectUniqueName6 = HexEditor\\HexEditor.csproj
		SccProjectName6 = HexEditor
		SccLocalPath6 = HexEditor
		SccProjectUniqueName7 = SharpPcap\\SharpPcap.csproj
		SccProjectName7 = SharpPcap
		SccLocalPath7 = SharpPcap
		SccProjectUniqueName8 = Granados\\Granados.csproj
		SccProjectName8 = Granados
		SccLocalPath8 = Granados
		SccProjectUniqueName9 = TerminalEmulator\\TerminalEmulator.csproj
		SccProjectName9 = TerminalEmulator
		SccLocalPath9 = TerminalEmulator
		SccProjectUniqueName10 = zlib.net\\zlib.net.csproj
		SccProjectName10 = zlib.net
		SccLocalPath10 = zlib.net
		SccProjectUniqueName11 = SSHClient\\SSHClient.csproj
		SccProjectName11 = SSHClient
		SccLocalPath11 = SSHClient
		SccProjectUniqueName12 = CustomInstaller\\CustomInstaller.csproj
		SccProjectTopLevelParentUniqueName12 = Terminals.sln
		SccProjectName12 = CustomInstaller
		SccLocalPath12 = CustomInstaller
		SccProjectUniqueName13 = SetupTerminals\\SetupTerminals.vdproj
		SccProjectTopLevelParentUniqueName13 = Terminals.sln
		SccProjectName13 = SetupTerminals
		SccLocalPath13 = SetupTerminals
		SccProjectUniqueName14 = Tests\\Tests.csproj
		SccProjectName14 = Tests
		SccLocalPath14 = Tests
		SccProjectUniqueName15 = SqlScriptRunner\\SqlScriptRunner.csproj
		SccProjectTopLevelParentUniqueName15 = Terminals.sln
		SccProjectName15 = SqlScriptRunner
		SccLocalPath15 = SqlScriptRunner
		SccProjectUniqueName16 = SqlScriptRunner.Tests\\SqlScriptRunner.Tests.csproj
		SccProjectTopLevelParentUniqueName16 = Terminals.sln
		SccProjectName16 = SqlScriptRunner.Tests
		SccLocalPath16 = SqlScriptRunner.Tests
		SccProjectUniqueName17 = BuildTasks\\BuildTasks.csproj
		SccProjectTopLevelParentUniqueName17 = Terminals.sln
		SccProjectName17 = BuildTasks
		SccLocalPath17 = BuildTasks
	EndGlobalSection
	GlobalSection(TestCaseManagementSettings) = postSolution
		CategoryFile = Terminals.vsmdi
	EndGlobalSection
	GlobalSection(SolutionConfigurationPlatforms) = preSolution
		Debug|Any CPU = Debug|Any CPU
		Debug|x86 = Debug|x86
		Distribution Release|Any CPU = Distribution Release|Any CPU
		Distribution Release|x86 = Distribution Release|x86
		Release|Any CPU = Release|Any CPU
		Release|x86 = Release|x86
	EndGlobalSection
	GlobalSection(ProjectConfigurationPlatforms) = postSolution
		{9ECB9FEF-89D1-4144-BAD4-5F3218545B2B}.Debug|Any CPU.ActiveCfg = Debug|Any CPU
		{9ECB9FEF-89D1-4144-BAD4-5F3218545B2B}.Debug|Any CPU.Build.0 = Debug|Any CPU
		{9ECB9FEF-89D1-4144-BAD4-5F3218545B2B}.Debug|x86.ActiveCfg = Debug|x86
		{9ECB9FEF-89D1-4144-BAD4-5F3218545B2B}.Debug|x86.Build.0 = Debug|x86
		{9ECB9FEF-89D1-4144-BAD4-5F3218545B2B}.Distribution Release|Any CPU.ActiveCfg = Release|Any CPU
		{9ECB9FEF-89D1-4144-BAD4-5F3218545B2B}.Distribution Release|Any CPU.Build.0 = Release|Any CPU
		{9ECB9FEF-89D1-4144-BAD4-5F3218545B2B}.Distribution Release|x86.ActiveCfg = Distribution Release|x86
		{9ECB9FEF-89D1-4144-BAD4-5F3218545B2B}.Distribution Release|x86.Build.0 = Distribution Release|x86
		{9ECB9FEF-89D1-4144-BAD4-5F3218545B2B}.Release|Any CPU.ActiveCfg = Release|Any CPU
		{9ECB9FEF-89D1-4144-BAD4-5F3218545B2B}.Release|Any CPU.Build.0 = Release|Any CPU
		{9ECB9FEF-89D1-4144-BAD4-5F3218545B2B}.Release|x86.ActiveCfg = Release|x86
		{9ECB9FEF-89D1-4144-BAD4-5F3218545B2B}.Release|x86.Build.0 = Release|x86
		{3D54DB4B-DC8A-44AA-8EE0-4EDF58CE1331}.Debug|Any CPU.ActiveCfg = Debug|Any CPU
		{3D54DB4B-DC8A-44AA-8EE0-4EDF58CE1331}.Debug|Any CPU.Build.0 = Debug|Any CPU
		{3D54DB4B-DC8A-44AA-8EE0-4EDF58CE1331}.Debug|x86.ActiveCfg = Debug|x86
		{3D54DB4B-DC8A-44AA-8EE0-4EDF58CE1331}.Debug|x86.Build.0 = Debug|x86
		{3D54DB4B-DC8A-44AA-8EE0-4EDF58CE1331}.Distribution Release|Any CPU.ActiveCfg = Release|Any CPU
		{3D54DB4B-DC8A-44AA-8EE0-4EDF58CE1331}.Distribution Release|Any CPU.Build.0 = Release|Any CPU
		{3D54DB4B-DC8A-44AA-8EE0-4EDF58CE1331}.Distribution Release|x86.ActiveCfg = Distribution Release|x86
		{3D54DB4B-DC8A-44AA-8EE0-4EDF58CE1331}.Distribution Release|x86.Build.0 = Distribution Release|x86
		{3D54DB4B-DC8A-44AA-8EE0-4EDF58CE1331}.Release|Any CPU.ActiveCfg = Release|Any CPU
		{3D54DB4B-DC8A-44AA-8EE0-4EDF58CE1331}.Release|Any CPU.Build.0 = Release|Any CPU
		{3D54DB4B-DC8A-44AA-8EE0-4EDF58CE1331}.Release|x86.ActiveCfg = Release|x86
		{3D54DB4B-DC8A-44AA-8EE0-4EDF58CE1331}.Release|x86.Build.0 = Release|x86
		{4F3A4024-5A19-4F08-823A-B75D6AFE5CD8}.Debug|Any CPU.ActiveCfg = Debug|Any CPU
		{4F3A4024-5A19-4F08-823A-B75D6AFE5CD8}.Debug|Any CPU.Build.0 = Debug|Any CPU
		{4F3A4024-5A19-4F08-823A-B75D6AFE5CD8}.Debug|x86.ActiveCfg = Debug|x86
		{4F3A4024-5A19-4F08-823A-B75D6AFE5CD8}.Debug|x86.Build.0 = Debug|x86
		{4F3A4024-5A19-4F08-823A-B75D6AFE5CD8}.Distribution Release|Any CPU.ActiveCfg = Release|Any CPU
		{4F3A4024-5A19-4F08-823A-B75D6AFE5CD8}.Distribution Release|Any CPU.Build.0 = Release|Any CPU
		{4F3A4024-5A19-4F08-823A-B75D6AFE5CD8}.Distribution Release|x86.ActiveCfg = Distribution Release|x86
		{4F3A4024-5A19-4F08-823A-B75D6AFE5CD8}.Distribution Release|x86.Build.0 = Distribution Release|x86
		{4F3A4024-5A19-4F08-823A-B75D6AFE5CD8}.Release|Any CPU.ActiveCfg = Release|Any CPU
		{4F3A4024-5A19-4F08-823A-B75D6AFE5CD8}.Release|Any CPU.Build.0 = Release|Any CPU
		{4F3A4024-5A19-4F08-823A-B75D6AFE5CD8}.Release|x86.ActiveCfg = Release|x86
		{4F3A4024-5A19-4F08-823A-B75D6AFE5CD8}.Release|x86.Build.0 = Release|x86
		{1809300B-6C6C-46B2-AF2F-29006FF2A30F}.Debug|Any CPU.ActiveCfg = Debug|Any CPU
		{1809300B-6C6C-46B2-AF2F-29006FF2A30F}.Debug|Any CPU.Build.0 = Debug|Any CPU
		{1809300B-6C6C-46B2-AF2F-29006FF2A30F}.Debug|x86.ActiveCfg = Debug|x86
		{1809300B-6C6C-46B2-AF2F-29006FF2A30F}.Debug|x86.Build.0 = Debug|x86
		{1809300B-6C6C-46B2-AF2F-29006FF2A30F}.Distribution Release|Any CPU.ActiveCfg = Release|Any CPU
		{1809300B-6C6C-46B2-AF2F-29006FF2A30F}.Distribution Release|Any CPU.Build.0 = Release|Any CPU
		{1809300B-6C6C-46B2-AF2F-29006FF2A30F}.Distribution Release|x86.ActiveCfg = Distribution Release|x86
		{1809300B-6C6C-46B2-AF2F-29006FF2A30F}.Distribution Release|x86.Build.0 = Distribution Release|x86
		{1809300B-6C6C-46B2-AF2F-29006FF2A30F}.Release|Any CPU.ActiveCfg = Release|Any CPU
		{1809300B-6C6C-46B2-AF2F-29006FF2A30F}.Release|Any CPU.Build.0 = Release|Any CPU
		{1809300B-6C6C-46B2-AF2F-29006FF2A30F}.Release|x86.ActiveCfg = Release|x86
		{1809300B-6C6C-46B2-AF2F-29006FF2A30F}.Release|x86.Build.0 = Release|x86
		{E0695F0F-0FAF-44BC-AE55-A1FCBFE70271}.Debug|Any CPU.ActiveCfg = Debug|Any CPU
		{E0695F0F-0FAF-44BC-AE55-A1FCBFE70271}.Debug|Any CPU.Build.0 = Debug|Any CPU
		{E0695F0F-0FAF-44BC-AE55-A1FCBFE70271}.Debug|x86.ActiveCfg = Debug|Any CPU
		{E0695F0F-0FAF-44BC-AE55-A1FCBFE70271}.Distribution Release|Any CPU.ActiveCfg = Release|Any CPU
		{E0695F0F-0FAF-44BC-AE55-A1FCBFE70271}.Distribution Release|Any CPU.Build.0 = Release|Any CPU
		{E0695F0F-0FAF-44BC-AE55-A1FCBFE70271}.Distribution Release|x86.ActiveCfg = Distribution Release|Any CPU
		{E0695F0F-0FAF-44BC-AE55-A1FCBFE70271}.Release|Any CPU.ActiveCfg = Release|Any CPU
		{E0695F0F-0FAF-44BC-AE55-A1FCBFE70271}.Release|Any CPU.Build.0 = Release|Any CPU
		{E0695F0F-0FAF-44BC-AE55-A1FCBFE70271}.Release|x86.ActiveCfg = Release|Any CPU
		{405E4F74-CE98-4BDC-8B78-F3293F4F7BBF}.Debug|Any CPU.ActiveCfg = Debug|Any CPU
		{405E4F74-CE98-4BDC-8B78-F3293F4F7BBF}.Debug|Any CPU.Build.0 = Debug|Any CPU
		{405E4F74-CE98-4BDC-8B78-F3293F4F7BBF}.Debug|x86.ActiveCfg = Debug|x86
		{405E4F74-CE98-4BDC-8B78-F3293F4F7BBF}.Debug|x86.Build.0 = Debug|x86
		{405E4F74-CE98-4BDC-8B78-F3293F4F7BBF}.Distribution Release|Any CPU.ActiveCfg = Release|Any CPU
		{405E4F74-CE98-4BDC-8B78-F3293F4F7BBF}.Distribution Release|Any CPU.Build.0 = Release|Any CPU
		{405E4F74-CE98-4BDC-8B78-F3293F4F7BBF}.Distribution Release|x86.ActiveCfg = Distribution Release|x86
		{405E4F74-CE98-4BDC-8B78-F3293F4F7BBF}.Distribution Release|x86.Build.0 = Distribution Release|x86
		{405E4F74-CE98-4BDC-8B78-F3293F4F7BBF}.Release|Any CPU.ActiveCfg = Release|Any CPU
		{405E4F74-CE98-4BDC-8B78-F3293F4F7BBF}.Release|Any CPU.Build.0 = Release|Any CPU
		{405E4F74-CE98-4BDC-8B78-F3293F4F7BBF}.Release|x86.ActiveCfg = Release|x86
		{405E4F74-CE98-4BDC-8B78-F3293F4F7BBF}.Release|x86.Build.0 = Release|x86
		{A1B25B92-DE01-4DD6-8D44-72B9A1772D3E}.Debug|Any CPU.ActiveCfg = Debug|Any CPU
		{A1B25B92-DE01-4DD6-8D44-72B9A1772D3E}.Debug|Any CPU.Build.0 = Debug|Any CPU
		{A1B25B92-DE01-4DD6-8D44-72B9A1772D3E}.Debug|x86.ActiveCfg = Debug|x86
		{A1B25B92-DE01-4DD6-8D44-72B9A1772D3E}.Debug|x86.Build.0 = Debug|x86
		{A1B25B92-DE01-4DD6-8D44-72B9A1772D3E}.Distribution Release|Any CPU.ActiveCfg = Release|Any CPU
		{A1B25B92-DE01-4DD6-8D44-72B9A1772D3E}.Distribution Release|Any CPU.Build.0 = Release|Any CPU
		{A1B25B92-DE01-4DD6-8D44-72B9A1772D3E}.Distribution Release|x86.ActiveCfg = Distribution Release|x86
		{A1B25B92-DE01-4DD6-8D44-72B9A1772D3E}.Distribution Release|x86.Build.0 = Distribution Release|x86
		{A1B25B92-DE01-4DD6-8D44-72B9A1772D3E}.Release|Any CPU.ActiveCfg = Release|Any CPU
		{A1B25B92-DE01-4DD6-8D44-72B9A1772D3E}.Release|Any CPU.Build.0 = Release|Any CPU
		{A1B25B92-DE01-4DD6-8D44-72B9A1772D3E}.Release|x86.ActiveCfg = Release|x86
		{A1B25B92-DE01-4DD6-8D44-72B9A1772D3E}.Release|x86.Build.0 = Release|x86
		{9780D85D-2E12-4747-9E08-DEDB95A71FC3}.Debug|Any CPU.ActiveCfg = Debug|Any CPU
		{9780D85D-2E12-4747-9E08-DEDB95A71FC3}.Debug|Any CPU.Build.0 = Debug|Any CPU
		{9780D85D-2E12-4747-9E08-DEDB95A71FC3}.Debug|x86.ActiveCfg = Debug|Any CPU
		{9780D85D-2E12-4747-9E08-DEDB95A71FC3}.Distribution Release|Any CPU.ActiveCfg = Release|Any CPU
		{9780D85D-2E12-4747-9E08-DEDB95A71FC3}.Distribution Release|Any CPU.Build.0 = Release|Any CPU
		{9780D85D-2E12-4747-9E08-DEDB95A71FC3}.Distribution Release|x86.ActiveCfg = Release|Any CPU
		{9780D85D-2E12-4747-9E08-DEDB95A71FC3}.Release|Any CPU.ActiveCfg = Release|Any CPU
		{9780D85D-2E12-4747-9E08-DEDB95A71FC3}.Release|Any CPU.Build.0 = Release|Any CPU
		{9780D85D-2E12-4747-9E08-DEDB95A71FC3}.Release|x86.ActiveCfg = Release|Any CPU
		{933C6FDB-9617-4F19-89AF-C5D373F88479}.Debug|Any CPU.ActiveCfg = Debug|Any CPU
		{933C6FDB-9617-4F19-89AF-C5D373F88479}.Debug|Any CPU.Build.0 = Debug|Any CPU
		{933C6FDB-9617-4F19-89AF-C5D373F88479}.Debug|x86.ActiveCfg = Debug|Any CPU
		{933C6FDB-9617-4F19-89AF-C5D373F88479}.Distribution Release|Any CPU.ActiveCfg = Release|Any CPU
		{933C6FDB-9617-4F19-89AF-C5D373F88479}.Distribution Release|Any CPU.Build.0 = Release|Any CPU
		{933C6FDB-9617-4F19-89AF-C5D373F88479}.Distribution Release|x86.ActiveCfg = Distribution Release|Any CPU
		{933C6FDB-9617-4F19-89AF-C5D373F88479}.Release|Any CPU.ActiveCfg = Release|Any CPU
		{933C6FDB-9617-4F19-89AF-C5D373F88479}.Release|Any CPU.Build.0 = Release|Any CPU
		{933C6FDB-9617-4F19-89AF-C5D373F88479}.Release|x86.ActiveCfg = Release|Any CPU
		{0C89B7A2-A218-49E4-B545-5B044A45F977}.Debug|Any CPU.ActiveCfg = Debug|Any CPU
		{0C89B7A2-A218-49E4-B545-5B044A45F977}.Debug|Any CPU.Build.0 = Debug|Any CPU
		{0C89B7A2-A218-49E4-B545-5B044A45F977}.Debug|x86.ActiveCfg = Debug|Any CPU
		{0C89B7A2-A218-49E4-B545-5B044A45F977}.Distribution Release|Any CPU.ActiveCfg = Release|Any CPU
		{0C89B7A2-A218-49E4-B545-5B044A45F977}.Distribution Release|Any CPU.Build.0 = Release|Any CPU
		{0C89B7A2-A218-49E4-B545-5B044A45F977}.Distribution Release|x86.ActiveCfg = Distribution Release|Any CPU
		{0C89B7A2-A218-49E4-B545-5B044A45F977}.Release|Any CPU.ActiveCfg = Release|Any CPU
		{0C89B7A2-A218-49E4-B545-5B044A45F977}.Release|Any CPU.Build.0 = Release|Any CPU
		{0C89B7A2-A218-49E4-B545-5B044A45F977}.Release|x86.ActiveCfg = Release|Any CPU
		{6F218F20-AE4B-4966-A821-4BDE214B8BFF}.Debug|Any CPU.ActiveCfg = Debug|Any CPU
		{6F218F20-AE4B-4966-A821-4BDE214B8BFF}.Debug|Any CPU.Build.0 = Debug|Any CPU
		{6F218F20-AE4B-4966-A821-4BDE214B8BFF}.Debug|x86.ActiveCfg = Debug|Any CPU
		{6F218F20-AE4B-4966-A821-4BDE214B8BFF}.Distribution Release|Any CPU.ActiveCfg = Release|Any CPU
		{6F218F20-AE4B-4966-A821-4BDE214B8BFF}.Distribution Release|Any CPU.Build.0 = Release|Any CPU
		{6F218F20-AE4B-4966-A821-4BDE214B8BFF}.Distribution Release|x86.ActiveCfg = Release|Any CPU
		{6F218F20-AE4B-4966-A821-4BDE214B8BFF}.Release|Any CPU.ActiveCfg = Release|Any CPU
		{6F218F20-AE4B-4966-A821-4BDE214B8BFF}.Release|Any CPU.Build.0 = Release|Any CPU
		{6F218F20-AE4B-4966-A821-4BDE214B8BFF}.Release|x86.ActiveCfg = Release|Any CPU
		{5085BDC8-1793-4FCC-A038-8AE15816238A}.Debug|Any CPU.ActiveCfg = Debug
		{5085BDC8-1793-4FCC-A038-8AE15816238A}.Debug|x86.ActiveCfg = Debug
		{5085BDC8-1793-4FCC-A038-8AE15816238A}.Debug|x86.Build.0 = Debug
		{5085BDC8-1793-4FCC-A038-8AE15816238A}.Distribution Release|Any CPU.ActiveCfg = Release
		{5085BDC8-1793-4FCC-A038-8AE15816238A}.Distribution Release|Any CPU.Build.0 = Release
		{5085BDC8-1793-4FCC-A038-8AE15816238A}.Distribution Release|x86.ActiveCfg = Release
		{5085BDC8-1793-4FCC-A038-8AE15816238A}.Distribution Release|x86.Build.0 = Release
		{5085BDC8-1793-4FCC-A038-8AE15816238A}.Release|Any CPU.ActiveCfg = Release
		{5085BDC8-1793-4FCC-A038-8AE15816238A}.Release|x86.ActiveCfg = Release
		{5085BDC8-1793-4FCC-A038-8AE15816238A}.Release|x86.Build.0 = Release
		{0E32FC99-79E4-4C16-827F-232222C494AC}.Debug|Any CPU.ActiveCfg = Debug|Any CPU
		{0E32FC99-79E4-4C16-827F-232222C494AC}.Debug|Any CPU.Build.0 = Debug|Any CPU
		{0E32FC99-79E4-4C16-827F-232222C494AC}.Debug|x86.ActiveCfg = Debug|Any CPU
		{0E32FC99-79E4-4C16-827F-232222C494AC}.Distribution Release|Any CPU.ActiveCfg = Release|Any CPU
		{0E32FC99-79E4-4C16-827F-232222C494AC}.Distribution Release|Any CPU.Build.0 = Release|Any CPU
		{0E32FC99-79E4-4C16-827F-232222C494AC}.Distribution Release|x86.ActiveCfg = Release|Any CPU
		{0E32FC99-79E4-4C16-827F-232222C494AC}.Release|Any CPU.ActiveCfg = Release|Any CPU
		{0E32FC99-79E4-4C16-827F-232222C494AC}.Release|Any CPU.Build.0 = Release|Any CPU
		{0E32FC99-79E4-4C16-827F-232222C494AC}.Release|x86.ActiveCfg = Release|Any CPU
		{81B4C28B-5B10-4A53-B0AC-9E8F72733139}.Debug|Any CPU.ActiveCfg = Debug|Any CPU
		{81B4C28B-5B10-4A53-B0AC-9E8F72733139}.Debug|Any CPU.Build.0 = Debug|Any CPU
		{81B4C28B-5B10-4A53-B0AC-9E8F72733139}.Debug|x86.ActiveCfg = Debug|Any CPU
		{81B4C28B-5B10-4A53-B0AC-9E8F72733139}.Distribution Release|Any CPU.ActiveCfg = Release|Any CPU
		{81B4C28B-5B10-4A53-B0AC-9E8F72733139}.Distribution Release|Any CPU.Build.0 = Release|Any CPU
		{81B4C28B-5B10-4A53-B0AC-9E8F72733139}.Distribution Release|x86.ActiveCfg = Release|Any CPU
		{81B4C28B-5B10-4A53-B0AC-9E8F72733139}.Release|Any CPU.ActiveCfg = Release|Any CPU
		{81B4C28B-5B10-4A53-B0AC-9E8F72733139}.Release|Any CPU.Build.0 = Release|Any CPU
		{81B4C28B-5B10-4A53-B0AC-9E8F72733139}.Release|x86.ActiveCfg = Release|Any CPU
		{54106F05-1C42-43EB-B4EE-F4B7F6CA302F}.Debug|Any CPU.ActiveCfg = Debug|Any CPU
		{54106F05-1C42-43EB-B4EE-F4B7F6CA302F}.Debug|Any CPU.Build.0 = Debug|Any CPU
		{54106F05-1C42-43EB-B4EE-F4B7F6CA302F}.Debug|x86.ActiveCfg = Debug|Any CPU
		{54106F05-1C42-43EB-B4EE-F4B7F6CA302F}.Distribution Release|Any CPU.ActiveCfg = Release|Any CPU
		{54106F05-1C42-43EB-B4EE-F4B7F6CA302F}.Distribution Release|Any CPU.Build.0 = Release|Any CPU
		{54106F05-1C42-43EB-B4EE-F4B7F6CA302F}.Distribution Release|x86.ActiveCfg = Release|Any CPU
		{54106F05-1C42-43EB-B4EE-F4B7F6CA302F}.Release|Any CPU.ActiveCfg = Release|Any CPU
		{54106F05-1C42-43EB-B4EE-F4B7F6CA302F}.Release|Any CPU.Build.0 = Release|Any CPU
		{54106F05-1C42-43EB-B4EE-F4B7F6CA302F}.Release|x86.ActiveCfg = Release|Any CPU
		{C451F6AA-0F56-4051-968B-90EBB90C8864}.Debug|Any CPU.ActiveCfg = Debug|Any CPU
		{C451F6AA-0F56-4051-968B-90EBB90C8864}.Debug|Any CPU.Build.0 = Debug|Any CPU
		{C451F6AA-0F56-4051-968B-90EBB90C8864}.Debug|x86.ActiveCfg = Debug|Any CPU
		{C451F6AA-0F56-4051-968B-90EBB90C8864}.Distribution Release|Any CPU.ActiveCfg = Release|Any CPU
		{C451F6AA-0F56-4051-968B-90EBB90C8864}.Distribution Release|Any CPU.Build.0 = Release|Any CPU
		{C451F6AA-0F56-4051-968B-90EBB90C8864}.Distribution Release|x86.ActiveCfg = Release|Any CPU
		{C451F6AA-0F56-4051-968B-90EBB90C8864}.Release|Any CPU.ActiveCfg = Release|Any CPU
		{C451F6AA-0F56-4051-968B-90EBB90C8864}.Release|Any CPU.Build.0 = Release|Any CPU
		{C451F6AA-0F56-4051-968B-90EBB90C8864}.Release|x86.ActiveCfg = Release|Any CPU
		{1640B78A-F3C9-4420-8DE8-63D60AFF68FF}.Debug|Any CPU.ActiveCfg = Debug|Any CPU
		{1640B78A-F3C9-4420-8DE8-63D60AFF68FF}.Debug|Any CPU.Build.0 = Debug|Any CPU
		{1640B78A-F3C9-4420-8DE8-63D60AFF68FF}.Debug|x86.ActiveCfg = Debug|Any CPU
		{1640B78A-F3C9-4420-8DE8-63D60AFF68FF}.Distribution Release|Any CPU.ActiveCfg = Release|Any CPU
		{1640B78A-F3C9-4420-8DE8-63D60AFF68FF}.Distribution Release|Any CPU.Build.0 = Release|Any CPU
		{1640B78A-F3C9-4420-8DE8-63D60AFF68FF}.Distribution Release|x86.ActiveCfg = Release|Any CPU
		{1640B78A-F3C9-4420-8DE8-63D60AFF68FF}.Release|Any CPU.ActiveCfg = Release|Any CPU
		{1640B78A-F3C9-4420-8DE8-63D60AFF68FF}.Release|Any CPU.Build.0 = Release|Any CPU
		{1640B78A-F3C9-4420-8DE8-63D60AFF68FF}.Release|x86.ActiveCfg = Release|Any CPU
	EndGlobalSection
	GlobalSection(SolutionProperties) = preSolution
		HideSolutionNode = FALSE
	EndGlobalSection
	GlobalSection(NestedProjects) = preSolution
		{0E32FC99-79E4-4C16-827F-232222C494AC} = {BC0E69F2-1AE0-4E09-BDC7-C3753ACEB24A}
		{5085BDC8-1793-4FCC-A038-8AE15816238A} = {BC0E69F2-1AE0-4E09-BDC7-C3753ACEB24A}
		{54106F05-1C42-43EB-B4EE-F4B7F6CA302F} = {92B0C240-075E-4B86-820E-BBEC58B331DE}
		{C451F6AA-0F56-4051-968B-90EBB90C8864} = {92B0C240-075E-4B86-820E-BBEC58B331DE}
		{1640B78A-F3C9-4420-8DE8-63D60AFF68FF} = {92B0C240-075E-4B86-820E-BBEC58B331DE}
	EndGlobalSection
EndGlobal
